// !$*UTF8*$!
{
	archiveVersion = 1;
	classes = {
	};
	objectVersion = 56;
	objects = {

/* Begin PBXBuildFile section */
		E86B994E2B50027F00538090 /* UIColor+Ext.swift in Sources */ = {isa = PBXBuildFile; fileRef = E86B994D2B50027F00538090 /* UIColor+Ext.swift */; };
		E86B99522B5024B700538090 /* TextFieldView.swift in Sources */ = {isa = PBXBuildFile; fileRef = E86B99512B5024B700538090 /* TextFieldView.swift */; };
		E86B99742B5190A900538090 /* UrlSessionApiService.swift in Sources */ = {isa = PBXBuildFile; fileRef = E86B99732B5190A900538090 /* UrlSessionApiService.swift */; };
		E86B99772B5190DC00538090 /* Protocol.swift in Sources */ = {isa = PBXBuildFile; fileRef = E86B99762B5190DC00538090 /* Protocol.swift */; };
		E86B997B2B51964000538090 /* ExampleApiService.swift in Sources */ = {isa = PBXBuildFile; fileRef = E86B997A2B51964000538090 /* ExampleApiService.swift */; };
		E86B997E2B5198BC00538090 /* Example.swift in Sources */ = {isa = PBXBuildFile; fileRef = E86B997D2B5198BC00538090 /* Example.swift */; };
		E879EC662B3B3E2C003534B5 /* WordRemSwiftUIApp.swift in Sources */ = {isa = PBXBuildFile; fileRef = E879EC652B3B3E2C003534B5 /* WordRemSwiftUIApp.swift */; };
		E879EC682B3B3E2C003534B5 /* ContentView.swift in Sources */ = {isa = PBXBuildFile; fileRef = E879EC672B3B3E2C003534B5 /* ContentView.swift */; };
		E879EC6A2B3B3E2E003534B5 /* Assets.xcassets in Resources */ = {isa = PBXBuildFile; fileRef = E879EC692B3B3E2E003534B5 /* Assets.xcassets */; };
		E879EC6D2B3B3E2E003534B5 /* Preview Assets.xcassets in Resources */ = {isa = PBXBuildFile; fileRef = E879EC6C2B3B3E2E003534B5 /* Preview Assets.xcassets */; };
		E8C02A522B3C91E600B1D5AF /* IconImageView.swift in Sources */ = {isa = PBXBuildFile; fileRef = E8C02A512B3C91E600B1D5AF /* IconImageView.swift */; };
/* End PBXBuildFile section */

/* Begin PBXFileReference section */
		E86B994D2B50027F00538090 /* UIColor+Ext.swift */ = {isa = PBXFileReference; lastKnownFileType = sourcecode.swift; path = "UIColor+Ext.swift"; sourceTree = "<group>"; };
		E86B99512B5024B700538090 /* TextFieldView.swift */ = {isa = PBXFileReference; lastKnownFileType = sourcecode.swift; path = TextFieldView.swift; sourceTree = "<group>"; };
		E86B99732B5190A900538090 /* UrlSessionApiService.swift */ = {isa = PBXFileReference; lastKnownFileType = sourcecode.swift; path = UrlSessionApiService.swift; sourceTree = "<group>"; };
		E86B99762B5190DC00538090 /* Protocol.swift */ = {isa = PBXFileReference; lastKnownFileType = sourcecode.swift; path = Protocol.swift; sourceTree = "<group>"; };
		E86B997A2B51964000538090 /* ExampleApiService.swift */ = {isa = PBXFileReference; lastKnownFileType = sourcecode.swift; path = ExampleApiService.swift; sourceTree = "<group>"; };
		E86B997D2B5198BC00538090 /* Example.swift */ = {isa = PBXFileReference; lastKnownFileType = sourcecode.swift; path = Example.swift; sourceTree = "<group>"; };
		E879EC622B3B3E2C003534B5 /* WordRemSwiftUI.app */ = {isa = PBXFileReference; explicitFileType = wrapper.application; includeInIndex = 0; path = WordRemSwiftUI.app; sourceTree = BUILT_PRODUCTS_DIR; };
		E879EC652B3B3E2C003534B5 /* WordRemSwiftUIApp.swift */ = {isa = PBXFileReference; lastKnownFileType = sourcecode.swift; path = WordRemSwiftUIApp.swift; sourceTree = "<group>"; };
		E879EC672B3B3E2C003534B5 /* ContentView.swift */ = {isa = PBXFileReference; lastKnownFileType = sourcecode.swift; path = ContentView.swift; sourceTree = "<group>"; };
		E879EC692B3B3E2E003534B5 /* Assets.xcassets */ = {isa = PBXFileReference; lastKnownFileType = folder.assetcatalog; path = Assets.xcassets; sourceTree = "<group>"; };
		E879EC6C2B3B3E2E003534B5 /* Preview Assets.xcassets */ = {isa = PBXFileReference; lastKnownFileType = folder.assetcatalog; path = "Preview Assets.xcassets"; sourceTree = "<group>"; };
		E8C02A512B3C91E600B1D5AF /* IconImageView.swift */ = {isa = PBXFileReference; lastKnownFileType = sourcecode.swift; path = IconImageView.swift; sourceTree = "<group>"; };
/* End PBXFileReference section */

/* Begin PBXFrameworksBuildPhase section */
		E879EC5F2B3B3E2C003534B5 /* Frameworks */ = {
			isa = PBXFrameworksBuildPhase;
			buildActionMask = 2147483647;
			files = (
			);
			runOnlyForDeploymentPostprocessing = 0;
		};
/* End PBXFrameworksBuildPhase section */

/* Begin PBXGroup section */
		E86B994C2B50027400538090 /* Extensions */ = {
			isa = PBXGroup;
			children = (
				E86B994D2B50027F00538090 /* UIColor+Ext.swift */,
			);
			path = Extensions;
			sourceTree = "<group>";
		};
		E86B99722B51909200538090 /* Services */ = {
			isa = PBXGroup;
			children = (
				E86B99792B5193EA00538090 /* New Group */,
				E86B99782B5193DB00538090 /* BaseService */,
				E86B99752B5190CE00538090 /* Protocol */,
			);
			path = Services;
			sourceTree = "<group>";
		};
		E86B99752B5190CE00538090 /* Protocol */ = {
			isa = PBXGroup;
			children = (
				E86B99762B5190DC00538090 /* Protocol.swift */,
			);
			path = Protocol;
			sourceTree = "<group>";
		};
		E86B99782B5193DB00538090 /* BaseService */ = {
			isa = PBXGroup;
			children = (
				E86B99732B5190A900538090 /* UrlSessionApiService.swift */,
			);
			path = BaseService;
			sourceTree = "<group>";
		};
		E86B99792B5193EA00538090 /* New Group */ = {
			isa = PBXGroup;
			children = (
				E86B997A2B51964000538090 /* ExampleApiService.swift */,
			);
			path = "New Group";
			sourceTree = "<group>";
		};
		E86B997C2B5198B400538090 /* Model */ = {
			isa = PBXGroup;
			children = (
				E86B997D2B5198BC00538090 /* Example.swift */,
			);
			path = Model;
			sourceTree = "<group>";
		};
		E879EC592B3B3E2C003534B5 = {
			isa = PBXGroup;
			children = (
				E879EC642B3B3E2C003534B5 /* WordRemSwiftUI */,
				E879EC632B3B3E2C003534B5 /* Products */,
			);
			sourceTree = "<group>";
		};
		E879EC632B3B3E2C003534B5 /* Products */ = {
			isa = PBXGroup;
			children = (
				E879EC622B3B3E2C003534B5 /* WordRemSwiftUI.app */,
			);
			name = Products;
			sourceTree = "<group>";
		};
		E879EC642B3B3E2C003534B5 /* WordRemSwiftUI */ = {
			isa = PBXGroup;
			children = (
				E86B997C2B5198B400538090 /* Model */,
				E86B99722B51909200538090 /* Services */,
				E86B994C2B50027400538090 /* Extensions */,
				E8C02A502B3C91D700B1D5AF /* View */,
				E879EC652B3B3E2C003534B5 /* WordRemSwiftUIApp.swift */,
				E879EC692B3B3E2E003534B5 /* Assets.xcassets */,
				E879EC6B2B3B3E2E003534B5 /* Preview Content */,
			);
			path = WordRemSwiftUI;
			sourceTree = "<group>";
		};
		E879EC6B2B3B3E2E003534B5 /* Preview Content */ = {
			isa = PBXGroup;
			children = (
				E879EC6C2B3B3E2E003534B5 /* Preview Assets.xcassets */,
			);
			path = "Preview Content";
			sourceTree = "<group>";
		};
		E8C02A502B3C91D700B1D5AF /* View */ = {
			isa = PBXGroup;
			children = (
				E879EC672B3B3E2C003534B5 /* ContentView.swift */,
				E8C02A512B3C91E600B1D5AF /* IconImageView.swift */,
				E86B99512B5024B700538090 /* TextFieldView.swift */,
			);
			path = View;
			sourceTree = "<group>";
		};
/* End PBXGroup section */

/* Begin PBXNativeTarget section */
		E879EC612B3B3E2C003534B5 /* WordRemSwiftUI */ = {
			isa = PBXNativeTarget;
			buildConfigurationList = E879EC702B3B3E2E003534B5 /* Build configuration list for PBXNativeTarget "WordRemSwiftUI" */;
			buildPhases = (
				E879EC5E2B3B3E2C003534B5 /* Sources */,
				E879EC5F2B3B3E2C003534B5 /* Frameworks */,
				E879EC602B3B3E2C003534B5 /* Resources */,
			);
			buildRules = (
			);
			dependencies = (
			);
			name = WordRemSwiftUI;
			productName = WordRemSwiftUI;
			productReference = E879EC622B3B3E2C003534B5 /* WordRemSwiftUI.app */;
			productType = "com.apple.product-type.application";
		};
/* End PBXNativeTarget section */

/* Begin PBXProject section */
		E879EC5A2B3B3E2C003534B5 /* Project object */ = {
			isa = PBXProject;
			attributes = {
				BuildIndependentTargetsInParallel = 1;
				LastSwiftUpdateCheck = 1510;
				LastUpgradeCheck = 1510;
				TargetAttributes = {
					E879EC612B3B3E2C003534B5 = {
						CreatedOnToolsVersion = 15.1;
					};
				};
			};
			buildConfigurationList = E879EC5D2B3B3E2C003534B5 /* Build configuration list for PBXProject "WordRemSwiftUI" */;
			compatibilityVersion = "Xcode 14.0";
			developmentRegion = en;
			hasScannedForEncodings = 0;
			knownRegions = (
				en,
				Base,
			);
			mainGroup = E879EC592B3B3E2C003534B5;
			productRefGroup = E879EC632B3B3E2C003534B5 /* Products */;
			projectDirPath = "";
			projectRoot = "";
			targets = (
				E879EC612B3B3E2C003534B5 /* WordRemSwiftUI */,
			);
		};
/* End PBXProject section */

/* Begin PBXResourcesBuildPhase section */
		E879EC602B3B3E2C003534B5 /* Resources */ = {
			isa = PBXResourcesBuildPhase;
			buildActionMask = 2147483647;
			files = (
				E879EC6D2B3B3E2E003534B5 /* Preview Assets.xcassets in Resources */,
				E879EC6A2B3B3E2E003534B5 /* Assets.xcassets in Resources */,
			);
			runOnlyForDeploymentPostprocessing = 0;
		};
/* End PBXResourcesBuildPhase section */

/* Begin PBXSourcesBuildPhase section */
		E879EC5E2B3B3E2C003534B5 /* Sources */ = {
			isa = PBXSourcesBuildPhase;
			buildActionMask = 2147483647;
			files = (
				E8C02A522B3C91E600B1D5AF /* IconImageView.swift in Sources */,
				E86B997B2B51964000538090 /* ExampleApiService.swift in Sources */,
				E86B99742B5190A900538090 /* UrlSessionApiService.swift in Sources */,
				E86B99522B5024B700538090 /* TextFieldView.swift in Sources */,
				E86B99772B5190DC00538090 /* Protocol.swift in Sources */,
				E86B994E2B50027F00538090 /* UIColor+Ext.swift in Sources */,
				E879EC682B3B3E2C003534B5 /* ContentView.swift in Sources */,
				E879EC662B3B3E2C003534B5 /* WordRemSwiftUIApp.swift in Sources */,
				E86B997E2B5198BC00538090 /* Example.swift in Sources */,
			);
			runOnlyForDeploymentPostprocessing = 0;
		};
/* End PBXSourcesBuildPhase section */

/* Begin XCBuildConfiguration section */
		E879EC6E2B3B3E2E003534B5 /* Debug */ = {
			isa = XCBuildConfiguration;
			buildSettings = {
				ALWAYS_SEARCH_USER_PATHS = NO;
				ASSETCATALOG_COMPILER_GENERATE_SWIFT_ASSET_SYMBOL_EXTENSIONS = YES;
				CLANG_ANALYZER_NONNULL = YES;
				CLANG_ANALYZER_NUMBER_OBJECT_CONVERSION = YES_AGGRESSIVE;
				CLANG_CXX_LANGUAGE_STANDARD = "gnu++20";
				CLANG_ENABLE_MODULES = YES;
				CLANG_ENABLE_OBJC_ARC = YES;
				CLANG_ENABLE_OBJC_WEAK = YES;
				CLANG_WARN_BLOCK_CAPTURE_AUTORELEASING = YES;
				CLANG_WARN_BOOL_CONVERSION = YES;
				CLANG_WARN_COMMA = YES;
				CLANG_WARN_CONSTANT_CONVERSION = YES;
				CLANG_WARN_DEPRECATED_OBJC_IMPLEMENTATIONS = YES;
				CLANG_WARN_DIRECT_OBJC_ISA_USAGE = YES_ERROR;
				CLANG_WARN_DOCUMENTATION_COMMENTS = YES;
				CLANG_WARN_EMPTY_BODY = YES;
				CLANG_WARN_ENUM_CONVERSION = YES;
				CLANG_WARN_INFINITE_RECURSION = YES;
				CLANG_WARN_INT_CONVERSION = YES;
				CLANG_WARN_NON_LITERAL_NULL_CONVERSION = YES;
				CLANG_WARN_OBJC_IMPLICIT_RETAIN_SELF = YES;
				CLANG_WARN_OBJC_LITERAL_CONVERSION = YES;
				CLANG_WARN_OBJC_ROOT_CLASS = YES_ERROR;
				CLANG_WARN_QUOTED_INCLUDE_IN_FRAMEWORK_HEADER = YES;
				CLANG_WARN_RANGE_LOOP_ANALYSIS = YES;
				CLANG_WARN_STRICT_PROTOTYPES = YES;
				CLANG_WARN_SUSPICIOUS_MOVE = YES;
				CLANG_WARN_UNGUARDED_AVAILABILITY = YES_AGGRESSIVE;
				CLANG_WARN_UNREACHABLE_CODE = YES;
				CLANG_WARN__DUPLICATE_METHOD_MATCH = YES;
				COPY_PHASE_STRIP = NO;
				DEBUG_INFORMATION_FORMAT = dwarf;
				ENABLE_STRICT_OBJC_MSGSEND = YES;
				ENABLE_TESTABILITY = YES;
				ENABLE_USER_SCRIPT_SANDBOXING = YES;
				GCC_C_LANGUAGE_STANDARD = gnu17;
				GCC_DYNAMIC_NO_PIC = NO;
				GCC_NO_COMMON_BLOCKS = YES;
				GCC_OPTIMIZATION_LEVEL = 0;
				GCC_PREPROCESSOR_DEFINITIONS = (
					"DEBUG=1",
					"$(inherited)",
				);
				GCC_WARN_64_TO_32_BIT_CONVERSION = YES;
				GCC_WARN_ABOUT_RETURN_TYPE = YES_ERROR;
				GCC_WARN_UNDECLARED_SELECTOR = YES;
				GCC_WARN_UNINITIALIZED_AUTOS = YES_AGGRESSIVE;
				GCC_WARN_UNUSED_FUNCTION = YES;
				GCC_WARN_UNUSED_VARIABLE = YES;
				IPHONEOS_DEPLOYMENT_TARGET = 17.2;
				LOCALIZATION_PREFERS_STRING_CATALOGS = YES;
				MTL_ENABLE_DEBUG_INFO = INCLUDE_SOURCE;
				MTL_FAST_MATH = YES;
				ONLY_ACTIVE_ARCH = YES;
				SDKROOT = iphoneos;
				SWIFT_ACTIVE_COMPILATION_CONDITIONS = "DEBUG $(inherited)";
				SWIFT_OPTIMIZATION_LEVEL = "-Onone";
			};
			name = Debug;
		};
		E879EC6F2B3B3E2E003534B5 /* Release */ = {
			isa = XCBuildConfiguration;
			buildSettings = {
				ALWAYS_SEARCH_USER_PATHS = NO;
				ASSETCATALOG_COMPILER_GENERATE_SWIFT_ASSET_SYMBOL_EXTENSIONS = YES;
				CLANG_ANALYZER_NONNULL = YES;
				CLANG_ANALYZER_NUMBER_OBJECT_CONVERSION = YES_AGGRESSIVE;
				CLANG_CXX_LANGUAGE_STANDARD = "gnu++20";
				CLANG_ENABLE_MODULES = YES;
				CLANG_ENABLE_OBJC_ARC = YES;
				CLANG_ENABLE_OBJC_WEAK = YES;
				CLANG_WARN_BLOCK_CAPTURE_AUTORELEASING = YES;
				CLANG_WARN_BOOL_CONVERSION = YES;
				CLANG_WARN_COMMA = YES;
				CLANG_WARN_CONSTANT_CONVERSION = YES;
				CLANG_WARN_DEPRECATED_OBJC_IMPLEMENTATIONS = YES;
				CLANG_WARN_DIRECT_OBJC_ISA_USAGE = YES_ERROR;
				CLANG_WARN_DOCUMENTATION_COMMENTS = YES;
				CLANG_WARN_EMPTY_BODY = YES;
				CLANG_WARN_ENUM_CONVERSION = YES;
				CLANG_WARN_INFINITE_RECURSION = YES;
				CLANG_WARN_INT_CONVERSION = YES;
				CLANG_WARN_NON_LITERAL_NULL_CONVERSION = YES;
				CLANG_WARN_OBJC_IMPLICIT_RETAIN_SELF = YES;
				CLANG_WARN_OBJC_LITERAL_CONVERSION = YES;
				CLANG_WARN_OBJC_ROOT_CLASS = YES_ERROR;
				CLANG_WARN_QUOTED_INCLUDE_IN_FRAMEWORK_HEADER = YES;
				CLANG_WARN_RANGE_LOOP_ANALYSIS = YES;
				CLANG_WARN_STRICT_PROTOTYPES = YES;
				CLANG_WARN_SUSPICIOUS_MOVE = YES;
				CLANG_WARN_UNGUARDED_AVAILABILITY = YES_AGGRESSIVE;
				CLANG_WARN_UNREACHABLE_CODE = YES;
				CLANG_WARN__DUPLICATE_METHOD_MATCH = YES;
				COPY_PHASE_STRIP = NO;
				DEBUG_INFORMATION_FORMAT = "dwarf-with-dsym";
				ENABLE_NS_ASSERTIONS = NO;
				ENABLE_STRICT_OBJC_MSGSEND = YES;
				ENABLE_USER_SCRIPT_SANDBOXING = YES;
				GCC_C_LANGUAGE_STANDARD = gnu17;
				GCC_NO_COMMON_BLOCKS = YES;
				GCC_WARN_64_TO_32_BIT_CONVERSION = YES;
				GCC_WARN_ABOUT_RETURN_TYPE = YES_ERROR;
				GCC_WARN_UNDECLARED_SELECTOR = YES;
				GCC_WARN_UNINITIALIZED_AUTOS = YES_AGGRESSIVE;
				GCC_WARN_UNUSED_FUNCTION = YES;
				GCC_WARN_UNUSED_VARIABLE = YES;
				IPHONEOS_DEPLOYMENT_TARGET = 17.2;
				LOCALIZATION_PREFERS_STRING_CATALOGS = YES;
				MTL_ENABLE_DEBUG_INFO = NO;
				MTL_FAST_MATH = YES;
				SDKROOT = iphoneos;
				SWIFT_COMPILATION_MODE = wholemodule;
				VALIDATE_PRODUCT = YES;
			};
			name = Release;
		};
		E879EC712B3B3E2E003534B5 /* Debug */ = {
			isa = XCBuildConfiguration;
			buildSettings = {
				ASSETCATALOG_COMPILER_APPICON_NAME = AppIcon;
				ASSETCATALOG_COMPILER_GLOBAL_ACCENT_COLOR_NAME = AccentColor;
				CODE_SIGN_STYLE = Automatic;
				CURRENT_PROJECT_VERSION = 1;
				DEVELOPMENT_ASSET_PATHS = "\"WordRemSwiftUI/Preview Content\"";
				DEVELOPMENT_TEAM = 7T569GVN5Q;
				ENABLE_PREVIEWS = YES;
				GENERATE_INFOPLIST_FILE = YES;
				INFOPLIST_KEY_UIApplicationSceneManifest_Generation = YES;
				INFOPLIST_KEY_UIApplicationSupportsIndirectInputEvents = YES;
				INFOPLIST_KEY_UILaunchScreen_Generation = YES;
				INFOPLIST_KEY_UISupportedInterfaceOrientations_iPad = "UIInterfaceOrientationPortrait UIInterfaceOrientationPortraitUpsideDown UIInterfaceOrientationLandscapeLeft UIInterfaceOrientationLandscapeRight";
				INFOPLIST_KEY_UISupportedInterfaceOrientations_iPhone = "UIInterfaceOrientationPortrait UIInterfaceOrientationLandscapeLeft UIInterfaceOrientationLandscapeRight";
				LD_RUNPATH_SEARCH_PATHS = (
					"$(inherited)",
					"@executable_path/Frameworks",
				);
				MARKETING_VERSION = 1.0;
				PRODUCT_BUNDLE_IDENTIFIER = com.twinflare.WordRemSwiftUI;
				PRODUCT_NAME = "$(TARGET_NAME)";
				SWIFT_EMIT_LOC_STRINGS = YES;
				SWIFT_VERSION = 5.0;
				TARGETED_DEVICE_FAMILY = "1,2";
			};
			name = Debug;
		};
		E879EC722B3B3E2E003534B5 /* Release */ = {
			isa = XCBuildConfiguration;
			buildSettings = {
				ASSETCATALOG_COMPILER_APPICON_NAME = AppIcon;
				ASSETCATALOG_COMPILER_GLOBAL_ACCENT_COLOR_NAME = AccentColor;
				CODE_SIGN_STYLE = Automatic;
				CURRENT_PROJECT_VERSION = 1;
				DEVELOPMENT_ASSET_PATHS = "\"WordRemSwiftUI/Preview Content\"";
				DEVELOPMENT_TEAM = 7T569GVN5Q;
				ENABLE_PREVIEWS = YES;
				GENERATE_INFOPLIST_FILE = YES;
				INFOPLIST_KEY_UIApplicationSceneManifest_Generation = YES;
				INFOPLIST_KEY_UIApplicationSupportsIndirectInputEvents = YES;
				INFOPLIST_KEY_UILaunchScreen_Generation = YES;
				INFOPLIST_KEY_UISupportedInterfaceOrientations_iPad = "UIInterfaceOrientationPortrait UIInterfaceOrientationPortraitUpsideDown UIInterfaceOrientationLandscapeLeft UIInterfaceOrientationLandscapeRight";
				INFOPLIST_KEY_UISupportedInterfaceOrientations_iPhone = "UIInterfaceOrientationPortrait UIInterfaceOrientationLandscapeLeft UIInterfaceOrientationLandscapeRight";
				LD_RUNPATH_SEARCH_PATHS = (
					"$(inherited)",
					"@executable_path/Frameworks",
				);
				MARKETING_VERSION = 1.0;
				PRODUCT_BUNDLE_IDENTIFIER = com.twinflare.WordRemSwiftUI;
				PRODUCT_NAME = "$(TARGET_NAME)";
				SWIFT_EMIT_LOC_STRINGS = YES;
				SWIFT_VERSION = 5.0;
				TARGETED_DEVICE_FAMILY = "1,2";
			};
			name = Release;
		};
/* End XCBuildConfiguration section */

/* Begin XCConfigurationList section */
		E879EC5D2B3B3E2C003534B5 /* Build configuration list for PBXProject "WordRemSwiftUI" */ = {
			isa = XCConfigurationList;
			buildConfigurations = (
				E879EC6E2B3B3E2E003534B5 /* Debug */,
				E879EC6F2B3B3E2E003534B5 /* Release */,
			);
			defaultConfigurationIsVisible = 0;
			defaultConfigurationName = Release;
		};
		E879EC702B3B3E2E003534B5 /* Build configuration list for PBXNativeTarget "WordRemSwiftUI" */ = {
			isa = XCConfigurationList;
			buildConfigurations = (
				E879EC712B3B3E2E003534B5 /* Debug */,
				E879EC722B3B3E2E003534B5 /* Release */,
			);
			defaultConfigurationIsVisible = 0;
			defaultConfigurationName = Release;
		};
/* End XCConfigurationList section */
	};
	rootObject = E879EC5A2B3B3E2C003534B5 /* Project object */;
}
