// !$*UTF8*$!
{
	archiveVersion = 1;
	classes = {
	};
	objectVersion = 56;
	objects = {

/* Begin PBXBuildFile section */
		E81941AA2B8A1FEF0042EBB7 /* CardView.swift in Sources */ = {isa = PBXBuildFile; fileRef = E81941A92B8A1FEF0042EBB7 /* CardView.swift */; };
		E820DE312B81EDC100F8231C /* ActivityIndicatorView.swift in Sources */ = {isa = PBXBuildFile; fileRef = E820DE302B81EDC100F8231C /* ActivityIndicatorView.swift */; };
		E82B4C9E2B6DFE6500C7AA81 /* URLSessionApiService.swift in Sources */ = {isa = PBXBuildFile; fileRef = E82B4C9D2B6DFE6500C7AA81 /* URLSessionApiService.swift */; };
		E82B4CA02B6E003A00C7AA81 /* ExampleWords.swift in Sources */ = {isa = PBXBuildFile; fileRef = E82B4C9F2B6E003A00C7AA81 /* ExampleWords.swift */; };
		E82B4CA22B6E028300C7AA81 /* GetWordsView.swift in Sources */ = {isa = PBXBuildFile; fileRef = E82B4CA12B6E028300C7AA81 /* GetWordsView.swift */; };
		E843E0B52B97F5F0006B1A1C /* TranslateModel.swift in Sources */ = {isa = PBXBuildFile; fileRef = E843E0B42B97F5F0006B1A1C /* TranslateModel.swift */; };
		E843E0B72B9806F7006B1A1C /* Language.swift in Sources */ = {isa = PBXBuildFile; fileRef = E843E0B62B9806F7006B1A1C /* Language.swift */; };
		E843E0BB2B98170C006B1A1C /* NewsView.swift in Sources */ = {isa = PBXBuildFile; fileRef = E843E0BA2B98170C006B1A1C /* NewsView.swift */; };
		E843E0BD2B98172E006B1A1C /* NewsViewModel.swift in Sources */ = {isa = PBXBuildFile; fileRef = E843E0BC2B98172E006B1A1C /* NewsViewModel.swift */; };
		E843E0BF2B981792006B1A1C /* NewsModel.swift in Sources */ = {isa = PBXBuildFile; fileRef = E843E0BE2B981792006B1A1C /* NewsModel.swift */; };
		E84AA1B62B7A081500823B97 /* LoginScreenView.swift in Sources */ = {isa = PBXBuildFile; fileRef = E84AA1B52B7A081500823B97 /* LoginScreenView.swift */; };
		E84AA1B82B7A0B1A00823B97 /* LoginScreenViewModel.swift in Sources */ = {isa = PBXBuildFile; fileRef = E84AA1B72B7A0B1A00823B97 /* LoginScreenViewModel.swift */; };
		E84AA1BA2B7A0B3200823B97 /* LoginModel.swift in Sources */ = {isa = PBXBuildFile; fileRef = E84AA1B92B7A0B3200823B97 /* LoginModel.swift */; };
		E84CC1942B9255F90066FF96 /* AppDelegate.swift in Sources */ = {isa = PBXBuildFile; fileRef = E84CC1932B9255F90066FF96 /* AppDelegate.swift */; };
		E84CC1962B9256780066FF96 /* View+Ext.swift in Sources */ = {isa = PBXBuildFile; fileRef = E84CC1952B9256780066FF96 /* View+Ext.swift */; };
		E84DEC9B2B8E14950014916C /* CheckBoxStyle.swift in Sources */ = {isa = PBXBuildFile; fileRef = E84DEC9A2B8E14950014916C /* CheckBoxStyle.swift */; };
		E8527C182B6EAFAD0047E4A6 /* LoginButtonStyle.swift in Sources */ = {isa = PBXBuildFile; fileRef = E8527C172B6EAFAD0047E4A6 /* LoginButtonStyle.swift */; };
		E8527C1D2B6EBC110047E4A6 /* FirebaseAnalytics in Frameworks */ = {isa = PBXBuildFile; productRef = E8527C1C2B6EBC110047E4A6 /* FirebaseAnalytics */; };
		E8527C212B6EBC110047E4A6 /* FirebaseAnalyticsSwift in Frameworks */ = {isa = PBXBuildFile; productRef = E8527C202B6EBC110047E4A6 /* FirebaseAnalyticsSwift */; };
		E8527C232B6EBC110047E4A6 /* FirebaseAnalyticsWithoutAdIdSupport in Frameworks */ = {isa = PBXBuildFile; productRef = E8527C222B6EBC110047E4A6 /* FirebaseAnalyticsWithoutAdIdSupport */; };
		E8527C292B6EBC110047E4A6 /* FirebaseAuth in Frameworks */ = {isa = PBXBuildFile; productRef = E8527C282B6EBC110047E4A6 /* FirebaseAuth */; };
		E8527C2F2B6EBC110047E4A6 /* FirebaseDatabase in Frameworks */ = {isa = PBXBuildFile; productRef = E8527C2E2B6EBC110047E4A6 /* FirebaseDatabase */; };
		E8527C312B6EBC110047E4A6 /* FirebaseDatabaseSwift in Frameworks */ = {isa = PBXBuildFile; productRef = E8527C302B6EBC110047E4A6 /* FirebaseDatabaseSwift */; };
		E8527C352B6EBC110047E4A6 /* FirebaseFirestore in Frameworks */ = {isa = PBXBuildFile; productRef = E8527C342B6EBC110047E4A6 /* FirebaseFirestore */; };
		E8527C392B6EBC110047E4A6 /* FirebaseFirestoreSwift in Frameworks */ = {isa = PBXBuildFile; productRef = E8527C382B6EBC110047E4A6 /* FirebaseFirestoreSwift */; };
		E8527C4F2B6EBC110047E4A6 /* FirebaseStorage in Frameworks */ = {isa = PBXBuildFile; productRef = E8527C4E2B6EBC110047E4A6 /* FirebaseStorage */; };
		E8527C542B6EBD6E0047E4A6 /* FirebaseService.swift in Sources */ = {isa = PBXBuildFile; fileRef = E8527C532B6EBD6E0047E4A6 /* FirebaseService.swift */; };
		E8527C562B6EBED20047E4A6 /* RegisterModel.swift in Sources */ = {isa = PBXBuildFile; fileRef = E8527C552B6EBED20047E4A6 /* RegisterModel.swift */; };
		E8527C582B6EC1D00047E4A6 /* RegisterScreenViewModel.swift in Sources */ = {isa = PBXBuildFile; fileRef = E8527C572B6EC1D00047E4A6 /* RegisterScreenViewModel.swift */; };
		E855B6012B8E698E009BF5E2 /* LineView.swift in Sources */ = {isa = PBXBuildFile; fileRef = E855B6002B8E698E009BF5E2 /* LineView.swift */; };
		E86B76E92B973C5200064F62 /* ProfileView.swift in Sources */ = {isa = PBXBuildFile; fileRef = E86B76E82B973C5200064F62 /* ProfileView.swift */; };
		E86B994E2B50027F00538090 /* UIColor+Ext.swift in Sources */ = {isa = PBXBuildFile; fileRef = E86B994D2B50027F00538090 /* UIColor+Ext.swift */; };
		E86B99522B5024B700538090 /* TextFieldView.swift in Sources */ = {isa = PBXBuildFile; fileRef = E86B99512B5024B700538090 /* TextFieldView.swift */; };
		E879EC662B3B3E2C003534B5 /* WordRemSwiftUIApp.swift in Sources */ = {isa = PBXBuildFile; fileRef = E879EC652B3B3E2C003534B5 /* WordRemSwiftUIApp.swift */; };
		E879EC682B3B3E2C003534B5 /* RegisterScreenView.swift in Sources */ = {isa = PBXBuildFile; fileRef = E879EC672B3B3E2C003534B5 /* RegisterScreenView.swift */; };
		E879EC6A2B3B3E2E003534B5 /* Assets.xcassets in Resources */ = {isa = PBXBuildFile; fileRef = E879EC692B3B3E2E003534B5 /* Assets.xcassets */; };
		E879EC6D2B3B3E2E003534B5 /* Preview Assets.xcassets in Resources */ = {isa = PBXBuildFile; fileRef = E879EC6C2B3B3E2E003534B5 /* Preview Assets.xcassets */; };
		E88AB25B2B8EA3CD0026823A /* CardDetailView.swift in Sources */ = {isa = PBXBuildFile; fileRef = E88AB25A2B8EA3CD0026823A /* CardDetailView.swift */; };
		E88AB2602B8EB6310026823A /* CardPlusView.swift in Sources */ = {isa = PBXBuildFile; fileRef = E88AB25F2B8EB6310026823A /* CardPlusView.swift */; };
		E88AB2622B8EB6C70026823A /* CardTextField.swift in Sources */ = {isa = PBXBuildFile; fileRef = E88AB2612B8EB6C70026823A /* CardTextField.swift */; };
		E88AB2662B8EB7CB0026823A /* CardPlusViewModel.swift in Sources */ = {isa = PBXBuildFile; fileRef = E88AB2652B8EB7CB0026823A /* CardPlusViewModel.swift */; };
		E88AB2682B8EBE660026823A /* CardFocusableField.swift in Sources */ = {isa = PBXBuildFile; fileRef = E88AB2672B8EBE650026823A /* CardFocusableField.swift */; };
		E88CF0092B817DEA00B06433 /* FocusableField.swift in Sources */ = {isa = PBXBuildFile; fileRef = E88CF0082B817DE900B06433 /* FocusableField.swift */; };
		E8B7488C2B8BDF7B007DA60A /* PlusViewModel.swift in Sources */ = {isa = PBXBuildFile; fileRef = E8B7488B2B8BDF7B007DA60A /* PlusViewModel.swift */; };
		E8B748902B8BFD14007DA60A /* HomeScreenViewModel.swift in Sources */ = {isa = PBXBuildFile; fileRef = E8B7488F2B8BFD14007DA60A /* HomeScreenViewModel.swift */; };
		E8B748922B8C037C007DA60A /* AuthenticationViewModel.swift in Sources */ = {isa = PBXBuildFile; fileRef = E8B748912B8C037C007DA60A /* AuthenticationViewModel.swift */; };
		E8B748942B8C0972007DA60A /* ProfileViewModel.swift in Sources */ = {isa = PBXBuildFile; fileRef = E8B748932B8C0972007DA60A /* ProfileViewModel.swift */; };
		E8BE72742B93C89C00900217 /* TranslateViewModel.swift in Sources */ = {isa = PBXBuildFile; fileRef = E8BE72732B93C89C00900217 /* TranslateViewModel.swift */; };
		E8BE727A2B93C97200900217 /* TranslationView.swift in Sources */ = {isa = PBXBuildFile; fileRef = E8BE72792B93C97200900217 /* TranslationView.swift */; };
		E8C02A522B3C91E600B1D5AF /* IconImageView.swift in Sources */ = {isa = PBXBuildFile; fileRef = E8C02A512B3C91E600B1D5AF /* IconImageView.swift */; };
		E8D566C82B6E0C7400B1E4B0 /* SentenceViewModel.swift in Sources */ = {isa = PBXBuildFile; fileRef = E8D566C72B6E0C7400B1E4B0 /* SentenceViewModel.swift */; };
		E8D6F2912B8C98BB0017A523 /* AuthState.swift in Sources */ = {isa = PBXBuildFile; fileRef = E8D6F2902B8C98BB0017A523 /* AuthState.swift */; };
		E8D6F2932B8C9EAA0017A523 /* AuthManager.swift in Sources */ = {isa = PBXBuildFile; fileRef = E8D6F2922B8C9EAA0017A523 /* AuthManager.swift */; };
		E8D6F2AB2B8DFF400017A523 /* Poppins-Regular.ttf in Resources */ = {isa = PBXBuildFile; fileRef = E8D6F2982B8DFF3D0017A523 /* Poppins-Regular.ttf */; };
		E8D6F2AC2B8DFF400017A523 /* Poppins-SemiBold.ttf in Resources */ = {isa = PBXBuildFile; fileRef = E8D6F2992B8DFF3D0017A523 /* Poppins-SemiBold.ttf */; };
		E8D6F2AD2B8DFF400017A523 /* OFL.txt in Resources */ = {isa = PBXBuildFile; fileRef = E8D6F29A2B8DFF3E0017A523 /* OFL.txt */; };
		E8D6F2AE2B8DFF400017A523 /* Poppins-Light.ttf in Resources */ = {isa = PBXBuildFile; fileRef = E8D6F29B2B8DFF3E0017A523 /* Poppins-Light.ttf */; };
		E8D6F2AF2B8DFF400017A523 /* Poppins-ExtraBoldItalic.ttf in Resources */ = {isa = PBXBuildFile; fileRef = E8D6F29C2B8DFF3E0017A523 /* Poppins-ExtraBoldItalic.ttf */; };
		E8D6F2B02B8DFF400017A523 /* Poppins-Black.ttf in Resources */ = {isa = PBXBuildFile; fileRef = E8D6F29D2B8DFF3E0017A523 /* Poppins-Black.ttf */; };
		E8D6F2B12B8DFF400017A523 /* Poppins-ExtraLight.ttf in Resources */ = {isa = PBXBuildFile; fileRef = E8D6F29E2B8DFF3E0017A523 /* Poppins-ExtraLight.ttf */; };
		E8D6F2B22B8DFF400017A523 /* Poppins-MediumItalic.ttf in Resources */ = {isa = PBXBuildFile; fileRef = E8D6F29F2B8DFF3F0017A523 /* Poppins-MediumItalic.ttf */; };
		E8D6F2B32B8DFF400017A523 /* Poppins-Bold.ttf in Resources */ = {isa = PBXBuildFile; fileRef = E8D6F2A02B8DFF3F0017A523 /* Poppins-Bold.ttf */; };
		E8D6F2B42B8DFF400017A523 /* Poppins-Medium.ttf in Resources */ = {isa = PBXBuildFile; fileRef = E8D6F2A12B8DFF3F0017A523 /* Poppins-Medium.ttf */; };
		E8D6F2B52B8DFF400017A523 /* Poppins-LightItalic.ttf in Resources */ = {isa = PBXBuildFile; fileRef = E8D6F2A22B8DFF3F0017A523 /* Poppins-LightItalic.ttf */; };
		E8D6F2B62B8DFF400017A523 /* Poppins-ExtraLightItalic.ttf in Resources */ = {isa = PBXBuildFile; fileRef = E8D6F2A32B8DFF3F0017A523 /* Poppins-ExtraLightItalic.ttf */; };
		E8D6F2B72B8DFF400017A523 /* Poppins-Italic.ttf in Resources */ = {isa = PBXBuildFile; fileRef = E8D6F2A42B8DFF3F0017A523 /* Poppins-Italic.ttf */; };
		E8D6F2B82B8DFF400017A523 /* Poppins-SemiBoldItalic.ttf in Resources */ = {isa = PBXBuildFile; fileRef = E8D6F2A52B8DFF3F0017A523 /* Poppins-SemiBoldItalic.ttf */; };
		E8D6F2B92B8DFF400017A523 /* Poppins-Thin.ttf in Resources */ = {isa = PBXBuildFile; fileRef = E8D6F2A62B8DFF400017A523 /* Poppins-Thin.ttf */; };
		E8D6F2BA2B8DFF400017A523 /* Poppins-ThinItalic.ttf in Resources */ = {isa = PBXBuildFile; fileRef = E8D6F2A72B8DFF400017A523 /* Poppins-ThinItalic.ttf */; };
		E8D6F2BB2B8DFF400017A523 /* Poppins-BlackItalic.ttf in Resources */ = {isa = PBXBuildFile; fileRef = E8D6F2A82B8DFF400017A523 /* Poppins-BlackItalic.ttf */; };
		E8D6F2BC2B8DFF400017A523 /* Poppins-BoldItalic.ttf in Resources */ = {isa = PBXBuildFile; fileRef = E8D6F2A92B8DFF400017A523 /* Poppins-BoldItalic.ttf */; };
		E8D6F2BD2B8DFF400017A523 /* Poppins-ExtraBold.ttf in Resources */ = {isa = PBXBuildFile; fileRef = E8D6F2AA2B8DFF400017A523 /* Poppins-ExtraBold.ttf */; };
		E8D774772B8FE9C900E9AB1B /* CardModel.swift in Sources */ = {isa = PBXBuildFile; fileRef = E8D774762B8FE9C900E9AB1B /* CardModel.swift */; };
		E8E1B4DA2B7C98E900AE6CD0 /* LinearBackgroundView.swift in Sources */ = {isa = PBXBuildFile; fileRef = E8E1B4D92B7C98E900AE6CD0 /* LinearBackgroundView.swift */; };
		E8E1B4DC2B7CA1A700AE6CD0 /* HideKeyboard.swift in Sources */ = {isa = PBXBuildFile; fileRef = E8E1B4DB2B7CA1A700AE6CD0 /* HideKeyboard.swift */; };
		E8E1B4E02B7CA2F800AE6CD0 /* SecureFieldView.swift in Sources */ = {isa = PBXBuildFile; fileRef = E8E1B4DF2B7CA2F800AE6CD0 /* SecureFieldView.swift */; };
		E8E1B4E22B7CFF0800AE6CD0 /* KeyboardResponder.swift in Sources */ = {isa = PBXBuildFile; fileRef = E8E1B4E12B7CFF0800AE6CD0 /* KeyboardResponder.swift */; };
		E8E8572D2B913F6900F2E55F /* GoogleSignIn in Frameworks */ = {isa = PBXBuildFile; productRef = E8E8572C2B913F6900F2E55F /* GoogleSignIn */; };
		E8E8572F2B913F6900F2E55F /* GoogleSignInSwift in Frameworks */ = {isa = PBXBuildFile; productRef = E8E8572E2B913F6900F2E55F /* GoogleSignInSwift */; };
		E8E857312B913FD500F2E55F /* GoogleService-Info.plist in Resources */ = {isa = PBXBuildFile; fileRef = E8E857302B913FD500F2E55F /* GoogleService-Info.plist */; };
		E8EB12C42B83E73800441F0C /* HomeScreenView.swift in Sources */ = {isa = PBXBuildFile; fileRef = E8EB12C32B83E73800441F0C /* HomeScreenView.swift */; };
		E8EB12C62B83EA9F00441F0C /* TabBarCustom.swift in Sources */ = {isa = PBXBuildFile; fileRef = E8EB12C52B83EA9F00441F0C /* TabBarCustom.swift */; };
		E8EB12CD2B84071200441F0C /* PlusView.swift in Sources */ = {isa = PBXBuildFile; fileRef = E8EB12CC2B84071200441F0C /* PlusView.swift */; };
		E8EB12D02B84138900441F0C /* PremiumView.swift in Sources */ = {isa = PBXBuildFile; fileRef = E8EB12CF2B84138900441F0C /* PremiumView.swift */; };
/* End PBXBuildFile section */

/* Begin PBXFileReference section */
		E81941A92B8A1FEF0042EBB7 /* CardView.swift */ = {isa = PBXFileReference; lastKnownFileType = sourcecode.swift; path = CardView.swift; sourceTree = "<group>"; };
		E820DE302B81EDC100F8231C /* ActivityIndicatorView.swift */ = {isa = PBXFileReference; lastKnownFileType = sourcecode.swift; path = ActivityIndicatorView.swift; sourceTree = "<group>"; };
		E82B4C9D2B6DFE6500C7AA81 /* URLSessionApiService.swift */ = {isa = PBXFileReference; lastKnownFileType = sourcecode.swift; path = URLSessionApiService.swift; sourceTree = "<group>"; };
		E82B4C9F2B6E003A00C7AA81 /* ExampleWords.swift */ = {isa = PBXFileReference; lastKnownFileType = sourcecode.swift; path = ExampleWords.swift; sourceTree = "<group>"; };
		E82B4CA12B6E028300C7AA81 /* GetWordsView.swift */ = {isa = PBXFileReference; lastKnownFileType = sourcecode.swift; path = GetWordsView.swift; sourceTree = "<group>"; };
		E843E0B42B97F5F0006B1A1C /* TranslateModel.swift */ = {isa = PBXFileReference; lastKnownFileType = sourcecode.swift; path = TranslateModel.swift; sourceTree = "<group>"; };
		E843E0B62B9806F7006B1A1C /* Language.swift */ = {isa = PBXFileReference; lastKnownFileType = sourcecode.swift; path = Language.swift; sourceTree = "<group>"; };
		E843E0BA2B98170C006B1A1C /* NewsView.swift */ = {isa = PBXFileReference; lastKnownFileType = sourcecode.swift; path = NewsView.swift; sourceTree = "<group>"; };
		E843E0BC2B98172E006B1A1C /* NewsViewModel.swift */ = {isa = PBXFileReference; lastKnownFileType = sourcecode.swift; path = NewsViewModel.swift; sourceTree = "<group>"; };
		E843E0BE2B981792006B1A1C /* NewsModel.swift */ = {isa = PBXFileReference; lastKnownFileType = sourcecode.swift; path = NewsModel.swift; sourceTree = "<group>"; };
		E84AA1B52B7A081500823B97 /* LoginScreenView.swift */ = {isa = PBXFileReference; lastKnownFileType = sourcecode.swift; path = LoginScreenView.swift; sourceTree = "<group>"; };
		E84AA1B72B7A0B1A00823B97 /* LoginScreenViewModel.swift */ = {isa = PBXFileReference; lastKnownFileType = sourcecode.swift; path = LoginScreenViewModel.swift; sourceTree = "<group>"; };
		E84AA1B92B7A0B3200823B97 /* LoginModel.swift */ = {isa = PBXFileReference; lastKnownFileType = sourcecode.swift; path = LoginModel.swift; sourceTree = "<group>"; };
		E84CC1932B9255F90066FF96 /* AppDelegate.swift */ = {isa = PBXFileReference; lastKnownFileType = sourcecode.swift; path = AppDelegate.swift; sourceTree = "<group>"; };
		E84CC1952B9256780066FF96 /* View+Ext.swift */ = {isa = PBXFileReference; lastKnownFileType = sourcecode.swift; path = "View+Ext.swift"; sourceTree = "<group>"; };
		E84CC1972B92718E0066FF96 /* WordRemSwiftUI.entitlements */ = {isa = PBXFileReference; lastKnownFileType = text.plist.entitlements; path = WordRemSwiftUI.entitlements; sourceTree = "<group>"; };
		E84DEC9A2B8E14950014916C /* CheckBoxStyle.swift */ = {isa = PBXFileReference; lastKnownFileType = sourcecode.swift; path = CheckBoxStyle.swift; sourceTree = "<group>"; };
		E8527C172B6EAFAD0047E4A6 /* LoginButtonStyle.swift */ = {isa = PBXFileReference; lastKnownFileType = sourcecode.swift; path = LoginButtonStyle.swift; sourceTree = "<group>"; };
		E8527C532B6EBD6E0047E4A6 /* FirebaseService.swift */ = {isa = PBXFileReference; lastKnownFileType = sourcecode.swift; path = FirebaseService.swift; sourceTree = "<group>"; };
		E8527C552B6EBED20047E4A6 /* RegisterModel.swift */ = {isa = PBXFileReference; lastKnownFileType = sourcecode.swift; path = RegisterModel.swift; sourceTree = "<group>"; };
		E8527C572B6EC1D00047E4A6 /* RegisterScreenViewModel.swift */ = {isa = PBXFileReference; lastKnownFileType = sourcecode.swift; path = RegisterScreenViewModel.swift; sourceTree = "<group>"; };
		E855B6002B8E698E009BF5E2 /* LineView.swift */ = {isa = PBXFileReference; lastKnownFileType = sourcecode.swift; path = LineView.swift; sourceTree = "<group>"; };
		E86B76E82B973C5200064F62 /* ProfileView.swift */ = {isa = PBXFileReference; lastKnownFileType = sourcecode.swift; path = ProfileView.swift; sourceTree = "<group>"; };
		E86B994D2B50027F00538090 /* UIColor+Ext.swift */ = {isa = PBXFileReference; lastKnownFileType = sourcecode.swift; path = "UIColor+Ext.swift"; sourceTree = "<group>"; };
		E86B99512B5024B700538090 /* TextFieldView.swift */ = {isa = PBXFileReference; lastKnownFileType = sourcecode.swift; path = TextFieldView.swift; sourceTree = "<group>"; };
		E879EC622B3B3E2C003534B5 /* WordRemSwiftUI.app */ = {isa = PBXFileReference; explicitFileType = wrapper.application; includeInIndex = 0; path = WordRemSwiftUI.app; sourceTree = BUILT_PRODUCTS_DIR; };
		E879EC652B3B3E2C003534B5 /* WordRemSwiftUIApp.swift */ = {isa = PBXFileReference; lastKnownFileType = sourcecode.swift; path = WordRemSwiftUIApp.swift; sourceTree = "<group>"; };
		E879EC672B3B3E2C003534B5 /* RegisterScreenView.swift */ = {isa = PBXFileReference; lastKnownFileType = sourcecode.swift; path = RegisterScreenView.swift; sourceTree = "<group>"; };
		E879EC692B3B3E2E003534B5 /* Assets.xcassets */ = {isa = PBXFileReference; lastKnownFileType = folder.assetcatalog; path = Assets.xcassets; sourceTree = "<group>"; };
		E879EC6C2B3B3E2E003534B5 /* Preview Assets.xcassets */ = {isa = PBXFileReference; lastKnownFileType = folder.assetcatalog; path = "Preview Assets.xcassets"; sourceTree = "<group>"; };
		E88AB25A2B8EA3CD0026823A /* CardDetailView.swift */ = {isa = PBXFileReference; lastKnownFileType = sourcecode.swift; path = CardDetailView.swift; sourceTree = "<group>"; };
		E88AB25F2B8EB6310026823A /* CardPlusView.swift */ = {isa = PBXFileReference; lastKnownFileType = sourcecode.swift; path = CardPlusView.swift; sourceTree = "<group>"; };
		E88AB2612B8EB6C70026823A /* CardTextField.swift */ = {isa = PBXFileReference; lastKnownFileType = sourcecode.swift; path = CardTextField.swift; sourceTree = "<group>"; };
		E88AB2652B8EB7CB0026823A /* CardPlusViewModel.swift */ = {isa = PBXFileReference; lastKnownFileType = sourcecode.swift; path = CardPlusViewModel.swift; sourceTree = "<group>"; };
		E88AB2672B8EBE650026823A /* CardFocusableField.swift */ = {isa = PBXFileReference; lastKnownFileType = sourcecode.swift; path = CardFocusableField.swift; sourceTree = "<group>"; };
		E88CF0082B817DE900B06433 /* FocusableField.swift */ = {isa = PBXFileReference; lastKnownFileType = sourcecode.swift; path = FocusableField.swift; sourceTree = "<group>"; };
		E8B7488B2B8BDF7B007DA60A /* PlusViewModel.swift */ = {isa = PBXFileReference; lastKnownFileType = sourcecode.swift; path = PlusViewModel.swift; sourceTree = "<group>"; };
		E8B7488F2B8BFD14007DA60A /* HomeScreenViewModel.swift */ = {isa = PBXFileReference; lastKnownFileType = sourcecode.swift; path = HomeScreenViewModel.swift; sourceTree = "<group>"; };
		E8B748912B8C037C007DA60A /* AuthenticationViewModel.swift */ = {isa = PBXFileReference; lastKnownFileType = sourcecode.swift; path = AuthenticationViewModel.swift; sourceTree = "<group>"; };
		E8B748932B8C0972007DA60A /* ProfileViewModel.swift */ = {isa = PBXFileReference; lastKnownFileType = sourcecode.swift; path = ProfileViewModel.swift; sourceTree = "<group>"; };
		E8BE72732B93C89C00900217 /* TranslateViewModel.swift */ = {isa = PBXFileReference; lastKnownFileType = sourcecode.swift; path = TranslateViewModel.swift; sourceTree = "<group>"; };
		E8BE72792B93C97200900217 /* TranslationView.swift */ = {isa = PBXFileReference; lastKnownFileType = sourcecode.swift; path = TranslationView.swift; sourceTree = "<group>"; };
		E8C02A512B3C91E600B1D5AF /* IconImageView.swift */ = {isa = PBXFileReference; lastKnownFileType = sourcecode.swift; path = IconImageView.swift; sourceTree = "<group>"; };
		E8D566C72B6E0C7400B1E4B0 /* SentenceViewModel.swift */ = {isa = PBXFileReference; lastKnownFileType = sourcecode.swift; path = SentenceViewModel.swift; sourceTree = "<group>"; };
		E8D6F2902B8C98BB0017A523 /* AuthState.swift */ = {isa = PBXFileReference; lastKnownFileType = sourcecode.swift; path = AuthState.swift; sourceTree = "<group>"; };
		E8D6F2922B8C9EAA0017A523 /* AuthManager.swift */ = {isa = PBXFileReference; lastKnownFileType = sourcecode.swift; path = AuthManager.swift; sourceTree = "<group>"; };
		E8D6F2982B8DFF3D0017A523 /* Poppins-Regular.ttf */ = {isa = PBXFileReference; lastKnownFileType = file; path = "Poppins-Regular.ttf"; sourceTree = "<group>"; };
		E8D6F2992B8DFF3D0017A523 /* Poppins-SemiBold.ttf */ = {isa = PBXFileReference; lastKnownFileType = file; path = "Poppins-SemiBold.ttf"; sourceTree = "<group>"; };
		E8D6F29A2B8DFF3E0017A523 /* OFL.txt */ = {isa = PBXFileReference; fileEncoding = 4; lastKnownFileType = text; path = OFL.txt; sourceTree = "<group>"; };
		E8D6F29B2B8DFF3E0017A523 /* Poppins-Light.ttf */ = {isa = PBXFileReference; lastKnownFileType = file; path = "Poppins-Light.ttf"; sourceTree = "<group>"; };
		E8D6F29C2B8DFF3E0017A523 /* Poppins-ExtraBoldItalic.ttf */ = {isa = PBXFileReference; lastKnownFileType = file; path = "Poppins-ExtraBoldItalic.ttf"; sourceTree = "<group>"; };
		E8D6F29D2B8DFF3E0017A523 /* Poppins-Black.ttf */ = {isa = PBXFileReference; lastKnownFileType = file; path = "Poppins-Black.ttf"; sourceTree = "<group>"; };
		E8D6F29E2B8DFF3E0017A523 /* Poppins-ExtraLight.ttf */ = {isa = PBXFileReference; lastKnownFileType = file; path = "Poppins-ExtraLight.ttf"; sourceTree = "<group>"; };
		E8D6F29F2B8DFF3F0017A523 /* Poppins-MediumItalic.ttf */ = {isa = PBXFileReference; lastKnownFileType = file; path = "Poppins-MediumItalic.ttf"; sourceTree = "<group>"; };
		E8D6F2A02B8DFF3F0017A523 /* Poppins-Bold.ttf */ = {isa = PBXFileReference; lastKnownFileType = file; path = "Poppins-Bold.ttf"; sourceTree = "<group>"; };
		E8D6F2A12B8DFF3F0017A523 /* Poppins-Medium.ttf */ = {isa = PBXFileReference; lastKnownFileType = file; path = "Poppins-Medium.ttf"; sourceTree = "<group>"; };
		E8D6F2A22B8DFF3F0017A523 /* Poppins-LightItalic.ttf */ = {isa = PBXFileReference; lastKnownFileType = file; path = "Poppins-LightItalic.ttf"; sourceTree = "<group>"; };
		E8D6F2A32B8DFF3F0017A523 /* Poppins-ExtraLightItalic.ttf */ = {isa = PBXFileReference; lastKnownFileType = file; path = "Poppins-ExtraLightItalic.ttf"; sourceTree = "<group>"; };
		E8D6F2A42B8DFF3F0017A523 /* Poppins-Italic.ttf */ = {isa = PBXFileReference; lastKnownFileType = file; path = "Poppins-Italic.ttf"; sourceTree = "<group>"; };
		E8D6F2A52B8DFF3F0017A523 /* Poppins-SemiBoldItalic.ttf */ = {isa = PBXFileReference; lastKnownFileType = file; path = "Poppins-SemiBoldItalic.ttf"; sourceTree = "<group>"; };
		E8D6F2A62B8DFF400017A523 /* Poppins-Thin.ttf */ = {isa = PBXFileReference; lastKnownFileType = file; path = "Poppins-Thin.ttf"; sourceTree = "<group>"; };
		E8D6F2A72B8DFF400017A523 /* Poppins-ThinItalic.ttf */ = {isa = PBXFileReference; lastKnownFileType = file; path = "Poppins-ThinItalic.ttf"; sourceTree = "<group>"; };
		E8D6F2A82B8DFF400017A523 /* Poppins-BlackItalic.ttf */ = {isa = PBXFileReference; lastKnownFileType = file; path = "Poppins-BlackItalic.ttf"; sourceTree = "<group>"; };
		E8D6F2A92B8DFF400017A523 /* Poppins-BoldItalic.ttf */ = {isa = PBXFileReference; lastKnownFileType = file; path = "Poppins-BoldItalic.ttf"; sourceTree = "<group>"; };
		E8D6F2AA2B8DFF400017A523 /* Poppins-ExtraBold.ttf */ = {isa = PBXFileReference; lastKnownFileType = file; path = "Poppins-ExtraBold.ttf"; sourceTree = "<group>"; };
		E8D6F2BE2B8DFFB80017A523 /* Info.plist */ = {isa = PBXFileReference; lastKnownFileType = text.plist; path = Info.plist; sourceTree = "<group>"; };
		E8D774762B8FE9C900E9AB1B /* CardModel.swift */ = {isa = PBXFileReference; lastKnownFileType = sourcecode.swift; path = CardModel.swift; sourceTree = "<group>"; };
		E8E1B4D92B7C98E900AE6CD0 /* LinearBackgroundView.swift */ = {isa = PBXFileReference; lastKnownFileType = sourcecode.swift; path = LinearBackgroundView.swift; sourceTree = "<group>"; };
		E8E1B4DB2B7CA1A700AE6CD0 /* HideKeyboard.swift */ = {isa = PBXFileReference; lastKnownFileType = sourcecode.swift; path = HideKeyboard.swift; sourceTree = "<group>"; };
		E8E1B4DF2B7CA2F800AE6CD0 /* SecureFieldView.swift */ = {isa = PBXFileReference; lastKnownFileType = sourcecode.swift; path = SecureFieldView.swift; sourceTree = "<group>"; };
		E8E1B4E12B7CFF0800AE6CD0 /* KeyboardResponder.swift */ = {isa = PBXFileReference; lastKnownFileType = sourcecode.swift; path = KeyboardResponder.swift; sourceTree = "<group>"; };
		E8E857302B913FD500F2E55F /* GoogleService-Info.plist */ = {isa = PBXFileReference; fileEncoding = 4; lastKnownFileType = text.plist.xml; name = "GoogleService-Info.plist"; path = "PoppinsFont/GoogleService-Info.plist"; sourceTree = "<group>"; };
		E8EB12C32B83E73800441F0C /* HomeScreenView.swift */ = {isa = PBXFileReference; lastKnownFileType = sourcecode.swift; path = HomeScreenView.swift; sourceTree = "<group>"; };
		E8EB12C52B83EA9F00441F0C /* TabBarCustom.swift */ = {isa = PBXFileReference; lastKnownFileType = sourcecode.swift; path = TabBarCustom.swift; sourceTree = "<group>"; };
		E8EB12CC2B84071200441F0C /* PlusView.swift */ = {isa = PBXFileReference; lastKnownFileType = sourcecode.swift; path = PlusView.swift; sourceTree = "<group>"; };
		E8EB12CF2B84138900441F0C /* PremiumView.swift */ = {isa = PBXFileReference; lastKnownFileType = sourcecode.swift; path = PremiumView.swift; sourceTree = "<group>"; };
/* End PBXFileReference section */

/* Begin PBXFrameworksBuildPhase section */
		E879EC5F2B3B3E2C003534B5 /* Frameworks */ = {
			isa = PBXFrameworksBuildPhase;
			buildActionMask = 2147483647;
			files = (
				E8527C2F2B6EBC110047E4A6 /* FirebaseDatabase in Frameworks */,
				E8527C352B6EBC110047E4A6 /* FirebaseFirestore in Frameworks */,
				E8527C212B6EBC110047E4A6 /* FirebaseAnalyticsSwift in Frameworks */,
				E8527C1D2B6EBC110047E4A6 /* FirebaseAnalytics in Frameworks */,
				E8527C392B6EBC110047E4A6 /* FirebaseFirestoreSwift in Frameworks */,
				E8E8572D2B913F6900F2E55F /* GoogleSignIn in Frameworks */,
				E8527C232B6EBC110047E4A6 /* FirebaseAnalyticsWithoutAdIdSupport in Frameworks */,
				E8527C292B6EBC110047E4A6 /* FirebaseAuth in Frameworks */,
				E8527C312B6EBC110047E4A6 /* FirebaseDatabaseSwift in Frameworks */,
				E8527C4F2B6EBC110047E4A6 /* FirebaseStorage in Frameworks */,
				E8E8572F2B913F6900F2E55F /* GoogleSignInSwift in Frameworks */,
			);
			runOnlyForDeploymentPostprocessing = 0;
		};
/* End PBXFrameworksBuildPhase section */

/* Begin PBXGroup section */
		E81941A82B8A1FDD0042EBB7 /* CardView */ = {
			isa = PBXGroup;
			children = (
				E88AB25C2B8EB60A0026823A /* PlusView */,
				E81941A92B8A1FEF0042EBB7 /* CardView.swift */,
				E88AB25A2B8EA3CD0026823A /* CardDetailView.swift */,
			);
			path = CardView;
			sourceTree = "<group>";
		};
		E8527C112B6E14520047E4A6 /* LoginScreen */ = {
			isa = PBXGroup;
			children = (
				E84AA1B52B7A081500823B97 /* LoginScreenView.swift */,
			);
			path = LoginScreen;
			sourceTree = "<group>";
		};
		E8527C132B6E14770047E4A6 /* RandomSentenceScreen */ = {
			isa = PBXGroup;
			children = (
				E82B4CA12B6E028300C7AA81 /* GetWordsView.swift */,
			);
			path = RandomSentenceScreen;
			sourceTree = "<group>";
		};
		E8527C142B6EA4BA0047E4A6 /* Helpers */ = {
			isa = PBXGroup;
			children = (
				E8E857302B913FD500F2E55F /* GoogleService-Info.plist */,
				E8D6F2972B8DFF310017A523 /* PoppinsFont */,
				E8E1B4D92B7C98E900AE6CD0 /* LinearBackgroundView.swift */,
				E8E1B4E12B7CFF0800AE6CD0 /* KeyboardResponder.swift */,
				E84DEC9A2B8E14950014916C /* CheckBoxStyle.swift */,
			);
			path = Helpers;
			sourceTree = "<group>";
		};
		E8527C522B6EBD590047E4A6 /* FirebaseService */ = {
			isa = PBXGroup;
			children = (
				E8527C532B6EBD6E0047E4A6 /* FirebaseService.swift */,
			);
			path = FirebaseService;
			sourceTree = "<group>";
		};
		E86B994C2B50027400538090 /* Extensions */ = {
			isa = PBXGroup;
			children = (
				E86B994D2B50027F00538090 /* UIColor+Ext.swift */,
				E8E1B4DB2B7CA1A700AE6CD0 /* HideKeyboard.swift */,
				E84CC1952B9256780066FF96 /* View+Ext.swift */,
			);
			path = Extensions;
			sourceTree = "<group>";
		};
		E86B99722B51909200538090 /* Services */ = {
			isa = PBXGroup;
			children = (
				E8BE726E2B93BA3E00900217 /* AuthManager */,
				E8527C522B6EBD590047E4A6 /* FirebaseService */,
				E86B99782B5193DB00538090 /* BaseService */,
			);
			path = Services;
			sourceTree = "<group>";
		};
		E86B99782B5193DB00538090 /* BaseService */ = {
			isa = PBXGroup;
			children = (
				E82B4C9D2B6DFE6500C7AA81 /* URLSessionApiService.swift */,
			);
			path = BaseService;
			sourceTree = "<group>";
		};
		E86B997C2B5198B400538090 /* Model */ = {
			isa = PBXGroup;
			children = (
				E88CF0082B817DE900B06433 /* FocusableField.swift */,
				E82B4C9F2B6E003A00C7AA81 /* ExampleWords.swift */,
				E8527C552B6EBED20047E4A6 /* RegisterModel.swift */,
				E84AA1B92B7A0B3200823B97 /* LoginModel.swift */,
				E8D6F2902B8C98BB0017A523 /* AuthState.swift */,
				E88AB2672B8EBE650026823A /* CardFocusableField.swift */,
				E8D774762B8FE9C900E9AB1B /* CardModel.swift */,
				E843E0B42B97F5F0006B1A1C /* TranslateModel.swift */,
				E843E0B62B9806F7006B1A1C /* Language.swift */,
				E843E0BE2B981792006B1A1C /* NewsModel.swift */,
			);
			path = Model;
			sourceTree = "<group>";
		};
		E86B997F2B51EF5A00538090 /* ViewModel */ = {
			isa = PBXGroup;
			children = (
				E8D774782B9000FA00E9AB1B /* CardPlus */,
				E8527C572B6EC1D00047E4A6 /* RegisterScreenViewModel.swift */,
				E84AA1B72B7A0B1A00823B97 /* LoginScreenViewModel.swift */,
				E8B7488F2B8BFD14007DA60A /* HomeScreenViewModel.swift */,
				E8B748912B8C037C007DA60A /* AuthenticationViewModel.swift */,
				E8B748932B8C0972007DA60A /* ProfileViewModel.swift */,
				E8BE72732B93C89C00900217 /* TranslateViewModel.swift */,
				E8D566C72B6E0C7400B1E4B0 /* SentenceViewModel.swift */,
				E843E0BC2B98172E006B1A1C /* NewsViewModel.swift */,
			);
			path = ViewModel;
			sourceTree = "<group>";
		};
		E879EC592B3B3E2C003534B5 = {
			isa = PBXGroup;
			children = (
				E879EC642B3B3E2C003534B5 /* WordRemSwiftUI */,
				E879EC632B3B3E2C003534B5 /* Products */,
			);
			sourceTree = "<group>";
		};
		E879EC632B3B3E2C003534B5 /* Products */ = {
			isa = PBXGroup;
			children = (
				E879EC622B3B3E2C003534B5 /* WordRemSwiftUI.app */,
			);
			name = Products;
			sourceTree = "<group>";
		};
		E879EC642B3B3E2C003534B5 /* WordRemSwiftUI */ = {
			isa = PBXGroup;
			children = (
				E8C02A502B3C91D700B1D5AF /* View */,
				E86B997F2B51EF5A00538090 /* ViewModel */,
				E86B997C2B5198B400538090 /* Model */,
				E86B99722B51909200538090 /* Services */,
				E8527C142B6EA4BA0047E4A6 /* Helpers */,
				E86B994C2B50027400538090 /* Extensions */,
				E8D7A2F22B92A5E1001F6BA2 /* App */,
				E8D6F2BE2B8DFFB80017A523 /* Info.plist */,
				E879EC692B3B3E2E003534B5 /* Assets.xcassets */,
				E879EC6B2B3B3E2E003534B5 /* Preview Content */,
				E84CC1972B92718E0066FF96 /* WordRemSwiftUI.entitlements */,
			);
			path = WordRemSwiftUI;
			sourceTree = "<group>";
		};
		E879EC6B2B3B3E2E003534B5 /* Preview Content */ = {
			isa = PBXGroup;
			children = (
				E879EC6C2B3B3E2E003534B5 /* Preview Assets.xcassets */,
			);
			path = "Preview Content";
			sourceTree = "<group>";
		};
		E88AB25C2B8EB60A0026823A /* PlusView */ = {
			isa = PBXGroup;
			children = (
				E88AB25F2B8EB6310026823A /* CardPlusView.swift */,
			);
			path = PlusView;
			sourceTree = "<group>";
		};
		E8BE726E2B93BA3E00900217 /* AuthManager */ = {
			isa = PBXGroup;
			children = (
				E8D6F2922B8C9EAA0017A523 /* AuthManager.swift */,
			);
			path = AuthManager;
			sourceTree = "<group>";
		};
		E8BE72752B93C8AB00900217 /* HomeScreen */ = {
			isa = PBXGroup;
			children = (
				E8EB12C32B83E73800441F0C /* HomeScreenView.swift */,
				E8BE72792B93C97200900217 /* TranslationView.swift */,
				E843E0BA2B98170C006B1A1C /* NewsView.swift */,
			);
			path = HomeScreen;
			sourceTree = "<group>";
		};
		E8C02A502B3C91D700B1D5AF /* View */ = {
			isa = PBXGroup;
			children = (
				E8EB12CE2B84138000441F0C /* PremiumView */,
				E8EB12C72B8406C200441F0C /* TabbarViews */,
				E8E6E4392B8204ED009F5C3E /* HelperScreen */,
				E8E6E4382B8204D4009F5C3E /* RegisterScreen */,
				E8527C132B6E14770047E4A6 /* RandomSentenceScreen */,
				E8527C112B6E14520047E4A6 /* LoginScreen */,
			);
			path = View;
			sourceTree = "<group>";
		};
		E8D6F2942B8CBA050017A523 /* ProfileViews */ = {
			isa = PBXGroup;
			children = (
				E86B76E82B973C5200064F62 /* ProfileView.swift */,
			);
			name = ProfileViews;
			path = "ProfileVİews";
			sourceTree = "<group>";
		};
		E8D6F2972B8DFF310017A523 /* PoppinsFont */ = {
			isa = PBXGroup;
			children = (
				E8D6F29A2B8DFF3E0017A523 /* OFL.txt */,
				E8D6F29D2B8DFF3E0017A523 /* Poppins-Black.ttf */,
				E8D6F2A82B8DFF400017A523 /* Poppins-BlackItalic.ttf */,
				E8D6F2A02B8DFF3F0017A523 /* Poppins-Bold.ttf */,
				E8D6F2A92B8DFF400017A523 /* Poppins-BoldItalic.ttf */,
				E8D6F2AA2B8DFF400017A523 /* Poppins-ExtraBold.ttf */,
				E8D6F29C2B8DFF3E0017A523 /* Poppins-ExtraBoldItalic.ttf */,
				E8D6F29E2B8DFF3E0017A523 /* Poppins-ExtraLight.ttf */,
				E8D6F2A32B8DFF3F0017A523 /* Poppins-ExtraLightItalic.ttf */,
				E8D6F2A42B8DFF3F0017A523 /* Poppins-Italic.ttf */,
				E8D6F29B2B8DFF3E0017A523 /* Poppins-Light.ttf */,
				E8D6F2A22B8DFF3F0017A523 /* Poppins-LightItalic.ttf */,
				E8D6F2A12B8DFF3F0017A523 /* Poppins-Medium.ttf */,
				E8D6F29F2B8DFF3F0017A523 /* Poppins-MediumItalic.ttf */,
				E8D6F2982B8DFF3D0017A523 /* Poppins-Regular.ttf */,
				E8D6F2992B8DFF3D0017A523 /* Poppins-SemiBold.ttf */,
				E8D6F2A52B8DFF3F0017A523 /* Poppins-SemiBoldItalic.ttf */,
				E8D6F2A62B8DFF400017A523 /* Poppins-Thin.ttf */,
				E8D6F2A72B8DFF400017A523 /* Poppins-ThinItalic.ttf */,
			);
			path = PoppinsFont;
			sourceTree = "<group>";
		};
		E8D774782B9000FA00E9AB1B /* CardPlus */ = {
			isa = PBXGroup;
			children = (
				E8B7488B2B8BDF7B007DA60A /* PlusViewModel.swift */,
				E88AB2652B8EB7CB0026823A /* CardPlusViewModel.swift */,
			);
			path = CardPlus;
			sourceTree = "<group>";
		};
		E8D7A2F22B92A5E1001F6BA2 /* App */ = {
			isa = PBXGroup;
			children = (
				E879EC652B3B3E2C003534B5 /* WordRemSwiftUIApp.swift */,
				E84CC1932B9255F90066FF96 /* AppDelegate.swift */,
			);
			path = App;
			sourceTree = "<group>";
		};
		E8E6E4382B8204D4009F5C3E /* RegisterScreen */ = {
			isa = PBXGroup;
			children = (
				E879EC672B3B3E2C003534B5 /* RegisterScreenView.swift */,
			);
			path = RegisterScreen;
			sourceTree = "<group>";
		};
		E8E6E4392B8204ED009F5C3E /* HelperScreen */ = {
			isa = PBXGroup;
			children = (
				E8E1B4DF2B7CA2F800AE6CD0 /* SecureFieldView.swift */,
				E8527C172B6EAFAD0047E4A6 /* LoginButtonStyle.swift */,
				E820DE302B81EDC100F8231C /* ActivityIndicatorView.swift */,
				E86B99512B5024B700538090 /* TextFieldView.swift */,
				E8C02A512B3C91E600B1D5AF /* IconImageView.swift */,
				E855B6002B8E698E009BF5E2 /* LineView.swift */,
				E88AB2612B8EB6C70026823A /* CardTextField.swift */,
			);
			path = HelperScreen;
			sourceTree = "<group>";
		};
		E8EB12C72B8406C200441F0C /* TabbarViews */ = {
			isa = PBXGroup;
			children = (
				E8BE72752B93C8AB00900217 /* HomeScreen */,
				E81941A82B8A1FDD0042EBB7 /* CardView */,
				E8D6F2942B8CBA050017A523 /* ProfileViews */,
				E8EB12C52B83EA9F00441F0C /* TabBarCustom.swift */,
				E8EB12CC2B84071200441F0C /* PlusView.swift */,
			);
			path = TabbarViews;
			sourceTree = "<group>";
		};
		E8EB12CE2B84138000441F0C /* PremiumView */ = {
			isa = PBXGroup;
			children = (
				E8EB12CF2B84138900441F0C /* PremiumView.swift */,
			);
			path = PremiumView;
			sourceTree = "<group>";
		};
/* End PBXGroup section */

/* Begin PBXNativeTarget section */
		E879EC612B3B3E2C003534B5 /* WordRemSwiftUI */ = {
			isa = PBXNativeTarget;
			buildConfigurationList = E879EC702B3B3E2E003534B5 /* Build configuration list for PBXNativeTarget "WordRemSwiftUI" */;
			buildPhases = (
				E879EC5E2B3B3E2C003534B5 /* Sources */,
				E879EC5F2B3B3E2C003534B5 /* Frameworks */,
				E879EC602B3B3E2C003534B5 /* Resources */,
			);
			buildRules = (
			);
			dependencies = (
			);
			name = WordRemSwiftUI;
			packageProductDependencies = (
				E8527C1C2B6EBC110047E4A6 /* FirebaseAnalytics */,
				E8527C202B6EBC110047E4A6 /* FirebaseAnalyticsSwift */,
				E8527C222B6EBC110047E4A6 /* FirebaseAnalyticsWithoutAdIdSupport */,
				E8527C282B6EBC110047E4A6 /* FirebaseAuth */,
				E8527C2E2B6EBC110047E4A6 /* FirebaseDatabase */,
				E8527C302B6EBC110047E4A6 /* FirebaseDatabaseSwift */,
				E8527C342B6EBC110047E4A6 /* FirebaseFirestore */,
				E8527C382B6EBC110047E4A6 /* FirebaseFirestoreSwift */,
				E8527C4E2B6EBC110047E4A6 /* FirebaseStorage */,
				E8E8572C2B913F6900F2E55F /* GoogleSignIn */,
				E8E8572E2B913F6900F2E55F /* GoogleSignInSwift */,
			);
			productName = WordRemSwiftUI;
			productReference = E879EC622B3B3E2C003534B5 /* WordRemSwiftUI.app */;
			productType = "com.apple.product-type.application";
		};
/* End PBXNativeTarget section */

/* Begin PBXProject section */
		E879EC5A2B3B3E2C003534B5 /* Project object */ = {
			isa = PBXProject;
			attributes = {
				BuildIndependentTargetsInParallel = 1;
				LastSwiftUpdateCheck = 1510;
				LastUpgradeCheck = 1510;
				TargetAttributes = {
					E879EC612B3B3E2C003534B5 = {
						CreatedOnToolsVersion = 15.1;
					};
				};
			};
			buildConfigurationList = E879EC5D2B3B3E2C003534B5 /* Build configuration list for PBXProject "WordRemSwiftUI" */;
			compatibilityVersion = "Xcode 14.0";
			developmentRegion = en;
			hasScannedForEncodings = 0;
			knownRegions = (
				en,
				Base,
			);
			mainGroup = E879EC592B3B3E2C003534B5;
			packageReferences = (
				E8527C1B2B6EBC110047E4A6 /* XCRemoteSwiftPackageReference "firebase-ios-sdk" */,
				E8E8572B2B913F6900F2E55F /* XCRemoteSwiftPackageReference "GoogleSignIn-iOS" */,
			);
			productRefGroup = E879EC632B3B3E2C003534B5 /* Products */;
			projectDirPath = "";
			projectRoot = "";
			targets = (
				E879EC612B3B3E2C003534B5 /* WordRemSwiftUI */,
			);
		};
/* End PBXProject section */

/* Begin PBXResourcesBuildPhase section */
		E879EC602B3B3E2C003534B5 /* Resources */ = {
			isa = PBXResourcesBuildPhase;
			buildActionMask = 2147483647;
			files = (
				E8D6F2B12B8DFF400017A523 /* Poppins-ExtraLight.ttf in Resources */,
				E8D6F2B22B8DFF400017A523 /* Poppins-MediumItalic.ttf in Resources */,
				E8D6F2AF2B8DFF400017A523 /* Poppins-ExtraBoldItalic.ttf in Resources */,
				E8D6F2B92B8DFF400017A523 /* Poppins-Thin.ttf in Resources */,
				E8D6F2B42B8DFF400017A523 /* Poppins-Medium.ttf in Resources */,
				E8D6F2B82B8DFF400017A523 /* Poppins-SemiBoldItalic.ttf in Resources */,
				E8D6F2AE2B8DFF400017A523 /* Poppins-Light.ttf in Resources */,
				E8D6F2AD2B8DFF400017A523 /* OFL.txt in Resources */,
				E8D6F2AC2B8DFF400017A523 /* Poppins-SemiBold.ttf in Resources */,
				E8D6F2BC2B8DFF400017A523 /* Poppins-BoldItalic.ttf in Resources */,
				E879EC6D2B3B3E2E003534B5 /* Preview Assets.xcassets in Resources */,
				E8D6F2B32B8DFF400017A523 /* Poppins-Bold.ttf in Resources */,
				E8D6F2B52B8DFF400017A523 /* Poppins-LightItalic.ttf in Resources */,
				E8D6F2BB2B8DFF400017A523 /* Poppins-BlackItalic.ttf in Resources */,
				E8D6F2B72B8DFF400017A523 /* Poppins-Italic.ttf in Resources */,
				E879EC6A2B3B3E2E003534B5 /* Assets.xcassets in Resources */,
				E8D6F2B02B8DFF400017A523 /* Poppins-Black.ttf in Resources */,
				E8D6F2B62B8DFF400017A523 /* Poppins-ExtraLightItalic.ttf in Resources */,
				E8D6F2BD2B8DFF400017A523 /* Poppins-ExtraBold.ttf in Resources */,
				E8E857312B913FD500F2E55F /* GoogleService-Info.plist in Resources */,
				E8D6F2BA2B8DFF400017A523 /* Poppins-ThinItalic.ttf in Resources */,
				E8D6F2AB2B8DFF400017A523 /* Poppins-Regular.ttf in Resources */,
			);
			runOnlyForDeploymentPostprocessing = 0;
		};
/* End PBXResourcesBuildPhase section */

/* Begin PBXSourcesBuildPhase section */
		E879EC5E2B3B3E2C003534B5 /* Sources */ = {
			isa = PBXSourcesBuildPhase;
			buildActionMask = 2147483647;
			files = (
				E8D6F2932B8C9EAA0017A523 /* AuthManager.swift in Sources */,
				E8D566C82B6E0C7400B1E4B0 /* SentenceViewModel.swift in Sources */,
				E8EB12C62B83EA9F00441F0C /* TabBarCustom.swift in Sources */,
				E88AB2682B8EBE660026823A /* CardFocusableField.swift in Sources */,
				E86B76E92B973C5200064F62 /* ProfileView.swift in Sources */,
				E8E1B4E22B7CFF0800AE6CD0 /* KeyboardResponder.swift in Sources */,
				E8EB12C42B83E73800441F0C /* HomeScreenView.swift in Sources */,
				E8C02A522B3C91E600B1D5AF /* IconImageView.swift in Sources */,
				E8527C562B6EBED20047E4A6 /* RegisterModel.swift in Sources */,
				E86B99522B5024B700538090 /* TextFieldView.swift in Sources */,
				E843E0B52B97F5F0006B1A1C /* TranslateModel.swift in Sources */,
				E855B6012B8E698E009BF5E2 /* LineView.swift in Sources */,
				E8B748902B8BFD14007DA60A /* HomeScreenViewModel.swift in Sources */,
				E8BE72742B93C89C00900217 /* TranslateViewModel.swift in Sources */,
				E88AB2662B8EB7CB0026823A /* CardPlusViewModel.swift in Sources */,
				E8E1B4DC2B7CA1A700AE6CD0 /* HideKeyboard.swift in Sources */,
				E8527C582B6EC1D00047E4A6 /* RegisterScreenViewModel.swift in Sources */,
				E86B994E2B50027F00538090 /* UIColor+Ext.swift in Sources */,
				E82B4CA22B6E028300C7AA81 /* GetWordsView.swift in Sources */,
				E84DEC9B2B8E14950014916C /* CheckBoxStyle.swift in Sources */,
				E8D774772B8FE9C900E9AB1B /* CardModel.swift in Sources */,
				E84AA1BA2B7A0B3200823B97 /* LoginModel.swift in Sources */,
				E88AB2602B8EB6310026823A /* CardPlusView.swift in Sources */,
				E8B748922B8C037C007DA60A /* AuthenticationViewModel.swift in Sources */,
				E8E1B4E02B7CA2F800AE6CD0 /* SecureFieldView.swift in Sources */,
				E8BE727A2B93C97200900217 /* TranslationView.swift in Sources */,
				E88AB25B2B8EA3CD0026823A /* CardDetailView.swift in Sources */,
				E81941AA2B8A1FEF0042EBB7 /* CardView.swift in Sources */,
				E8B7488C2B8BDF7B007DA60A /* PlusViewModel.swift in Sources */,
				E82B4CA02B6E003A00C7AA81 /* ExampleWords.swift in Sources */,
				E843E0BF2B981792006B1A1C /* NewsModel.swift in Sources */,
				E88AB2622B8EB6C70026823A /* CardTextField.swift in Sources */,
				E879EC682B3B3E2C003534B5 /* RegisterScreenView.swift in Sources */,
				E84AA1B82B7A0B1A00823B97 /* LoginScreenViewModel.swift in Sources */,
				E84AA1B62B7A081500823B97 /* LoginScreenView.swift in Sources */,
				E84CC1942B9255F90066FF96 /* AppDelegate.swift in Sources */,
				E8E1B4DA2B7C98E900AE6CD0 /* LinearBackgroundView.swift in Sources */,
				E820DE312B81EDC100F8231C /* ActivityIndicatorView.swift in Sources */,
				E843E0BD2B98172E006B1A1C /* NewsViewModel.swift in Sources */,
				E88CF0092B817DEA00B06433 /* FocusableField.swift in Sources */,
				E843E0BB2B98170C006B1A1C /* NewsView.swift in Sources */,
				E8D6F2912B8C98BB0017A523 /* AuthState.swift in Sources */,
				E879EC662B3B3E2C003534B5 /* WordRemSwiftUIApp.swift in Sources */,
				E82B4C9E2B6DFE6500C7AA81 /* URLSessionApiService.swift in Sources */,
				E8527C542B6EBD6E0047E4A6 /* FirebaseService.swift in Sources */,
				E8B748942B8C0972007DA60A /* ProfileViewModel.swift in Sources */,
				E84CC1962B9256780066FF96 /* View+Ext.swift in Sources */,
				E8527C182B6EAFAD0047E4A6 /* LoginButtonStyle.swift in Sources */,
				E843E0B72B9806F7006B1A1C /* Language.swift in Sources */,
				E8EB12D02B84138900441F0C /* PremiumView.swift in Sources */,
				E8EB12CD2B84071200441F0C /* PlusView.swift in Sources */,
			);
			runOnlyForDeploymentPostprocessing = 0;
		};
/* End PBXSourcesBuildPhase section */

/* Begin XCBuildConfiguration section */
		E879EC6E2B3B3E2E003534B5 /* Debug */ = {
			isa = XCBuildConfiguration;
			buildSettings = {
				ALWAYS_SEARCH_USER_PATHS = NO;
				ASSETCATALOG_COMPILER_GENERATE_SWIFT_ASSET_SYMBOL_EXTENSIONS = YES;
				CLANG_ANALYZER_NONNULL = YES;
				CLANG_ANALYZER_NUMBER_OBJECT_CONVERSION = YES_AGGRESSIVE;
				CLANG_CXX_LANGUAGE_STANDARD = "gnu++20";
				CLANG_ENABLE_MODULES = YES;
				CLANG_ENABLE_OBJC_ARC = YES;
				CLANG_ENABLE_OBJC_WEAK = YES;
				CLANG_WARN_BLOCK_CAPTURE_AUTORELEASING = YES;
				CLANG_WARN_BOOL_CONVERSION = YES;
				CLANG_WARN_COMMA = YES;
				CLANG_WARN_CONSTANT_CONVERSION = YES;
				CLANG_WARN_DEPRECATED_OBJC_IMPLEMENTATIONS = YES;
				CLANG_WARN_DIRECT_OBJC_ISA_USAGE = YES_ERROR;
				CLANG_WARN_DOCUMENTATION_COMMENTS = YES;
				CLANG_WARN_EMPTY_BODY = YES;
				CLANG_WARN_ENUM_CONVERSION = YES;
				CLANG_WARN_INFINITE_RECURSION = YES;
				CLANG_WARN_INT_CONVERSION = YES;
				CLANG_WARN_NON_LITERAL_NULL_CONVERSION = YES;
				CLANG_WARN_OBJC_IMPLICIT_RETAIN_SELF = YES;
				CLANG_WARN_OBJC_LITERAL_CONVERSION = YES;
				CLANG_WARN_OBJC_ROOT_CLASS = YES_ERROR;
				CLANG_WARN_QUOTED_INCLUDE_IN_FRAMEWORK_HEADER = YES;
				CLANG_WARN_RANGE_LOOP_ANALYSIS = YES;
				CLANG_WARN_STRICT_PROTOTYPES = YES;
				CLANG_WARN_SUSPICIOUS_MOVE = YES;
				CLANG_WARN_UNGUARDED_AVAILABILITY = YES_AGGRESSIVE;
				CLANG_WARN_UNREACHABLE_CODE = YES;
				CLANG_WARN__DUPLICATE_METHOD_MATCH = YES;
				COPY_PHASE_STRIP = NO;
				DEBUG_INFORMATION_FORMAT = dwarf;
				ENABLE_STRICT_OBJC_MSGSEND = YES;
				ENABLE_TESTABILITY = YES;
				ENABLE_USER_SCRIPT_SANDBOXING = YES;
				GCC_C_LANGUAGE_STANDARD = gnu17;
				GCC_DYNAMIC_NO_PIC = NO;
				GCC_NO_COMMON_BLOCKS = YES;
				GCC_OPTIMIZATION_LEVEL = 0;
				GCC_PREPROCESSOR_DEFINITIONS = (
					"DEBUG=1",
					"$(inherited)",
				);
				GCC_WARN_64_TO_32_BIT_CONVERSION = YES;
				GCC_WARN_ABOUT_RETURN_TYPE = YES_ERROR;
				GCC_WARN_UNDECLARED_SELECTOR = YES;
				GCC_WARN_UNINITIALIZED_AUTOS = YES_AGGRESSIVE;
				GCC_WARN_UNUSED_FUNCTION = YES;
				GCC_WARN_UNUSED_VARIABLE = YES;
				IPHONEOS_DEPLOYMENT_TARGET = 17.2;
				LOCALIZATION_PREFERS_STRING_CATALOGS = YES;
				MTL_ENABLE_DEBUG_INFO = INCLUDE_SOURCE;
				MTL_FAST_MATH = YES;
				ONLY_ACTIVE_ARCH = YES;
				SDKROOT = iphoneos;
				SWIFT_ACTIVE_COMPILATION_CONDITIONS = "DEBUG $(inherited)";
				SWIFT_OPTIMIZATION_LEVEL = "-Onone";
			};
			name = Debug;
		};
		E879EC6F2B3B3E2E003534B5 /* Release */ = {
			isa = XCBuildConfiguration;
			buildSettings = {
				ALWAYS_SEARCH_USER_PATHS = NO;
				ASSETCATALOG_COMPILER_GENERATE_SWIFT_ASSET_SYMBOL_EXTENSIONS = YES;
				CLANG_ANALYZER_NONNULL = YES;
				CLANG_ANALYZER_NUMBER_OBJECT_CONVERSION = YES_AGGRESSIVE;
				CLANG_CXX_LANGUAGE_STANDARD = "gnu++20";
				CLANG_ENABLE_MODULES = YES;
				CLANG_ENABLE_OBJC_ARC = YES;
				CLANG_ENABLE_OBJC_WEAK = YES;
				CLANG_WARN_BLOCK_CAPTURE_AUTORELEASING = YES;
				CLANG_WARN_BOOL_CONVERSION = YES;
				CLANG_WARN_COMMA = YES;
				CLANG_WARN_CONSTANT_CONVERSION = YES;
				CLANG_WARN_DEPRECATED_OBJC_IMPLEMENTATIONS = YES;
				CLANG_WARN_DIRECT_OBJC_ISA_USAGE = YES_ERROR;
				CLANG_WARN_DOCUMENTATION_COMMENTS = YES;
				CLANG_WARN_EMPTY_BODY = YES;
				CLANG_WARN_ENUM_CONVERSION = YES;
				CLANG_WARN_INFINITE_RECURSION = YES;
				CLANG_WARN_INT_CONVERSION = YES;
				CLANG_WARN_NON_LITERAL_NULL_CONVERSION = YES;
				CLANG_WARN_OBJC_IMPLICIT_RETAIN_SELF = YES;
				CLANG_WARN_OBJC_LITERAL_CONVERSION = YES;
				CLANG_WARN_OBJC_ROOT_CLASS = YES_ERROR;
				CLANG_WARN_QUOTED_INCLUDE_IN_FRAMEWORK_HEADER = YES;
				CLANG_WARN_RANGE_LOOP_ANALYSIS = YES;
				CLANG_WARN_STRICT_PROTOTYPES = YES;
				CLANG_WARN_SUSPICIOUS_MOVE = YES;
				CLANG_WARN_UNGUARDED_AVAILABILITY = YES_AGGRESSIVE;
				CLANG_WARN_UNREACHABLE_CODE = YES;
				CLANG_WARN__DUPLICATE_METHOD_MATCH = YES;
				COPY_PHASE_STRIP = NO;
				DEBUG_INFORMATION_FORMAT = "dwarf-with-dsym";
				ENABLE_NS_ASSERTIONS = NO;
				ENABLE_STRICT_OBJC_MSGSEND = YES;
				ENABLE_USER_SCRIPT_SANDBOXING = YES;
				GCC_C_LANGUAGE_STANDARD = gnu17;
				GCC_NO_COMMON_BLOCKS = YES;
				GCC_WARN_64_TO_32_BIT_CONVERSION = YES;
				GCC_WARN_ABOUT_RETURN_TYPE = YES_ERROR;
				GCC_WARN_UNDECLARED_SELECTOR = YES;
				GCC_WARN_UNINITIALIZED_AUTOS = YES_AGGRESSIVE;
				GCC_WARN_UNUSED_FUNCTION = YES;
				GCC_WARN_UNUSED_VARIABLE = YES;
				IPHONEOS_DEPLOYMENT_TARGET = 17.2;
				LOCALIZATION_PREFERS_STRING_CATALOGS = YES;
				MTL_ENABLE_DEBUG_INFO = NO;
				MTL_FAST_MATH = YES;
				SDKROOT = iphoneos;
				SWIFT_COMPILATION_MODE = wholemodule;
				VALIDATE_PRODUCT = YES;
			};
			name = Release;
		};
		E879EC712B3B3E2E003534B5 /* Debug */ = {
			isa = XCBuildConfiguration;
			buildSettings = {
				ASSETCATALOG_COMPILER_APPICON_NAME = AppIcon;
				ASSETCATALOG_COMPILER_GLOBAL_ACCENT_COLOR_NAME = AccentColor;
				CODE_SIGN_ENTITLEMENTS = WordRemSwiftUI/WordRemSwiftUI.entitlements;
				CODE_SIGN_STYLE = Automatic;
				CURRENT_PROJECT_VERSION = 1;
				DEVELOPMENT_ASSET_PATHS = "\"WordRemSwiftUI/Preview Content\"";
				DEVELOPMENT_TEAM = 7T569GVN5Q;
				ENABLE_PREVIEWS = YES;
				GENERATE_INFOPLIST_FILE = YES;
				INFOPLIST_FILE = WordRemSwiftUI/Info.plist;
				INFOPLIST_KEY_UIApplicationSceneManifest_Generation = YES;
				INFOPLIST_KEY_UIApplicationSupportsIndirectInputEvents = YES;
				INFOPLIST_KEY_UILaunchScreen_Generation = YES;
				INFOPLIST_KEY_UISupportedInterfaceOrientations_iPad = "UIInterfaceOrientationPortrait UIInterfaceOrientationPortraitUpsideDown UIInterfaceOrientationLandscapeLeft UIInterfaceOrientationLandscapeRight";
				INFOPLIST_KEY_UISupportedInterfaceOrientations_iPhone = "UIInterfaceOrientationPortrait UIInterfaceOrientationLandscapeLeft UIInterfaceOrientationLandscapeRight";
				LD_RUNPATH_SEARCH_PATHS = (
					"$(inherited)",
					"@executable_path/Frameworks",
				);
				MARKETING_VERSION = 1.0;
				PRODUCT_BUNDLE_IDENTIFIER = com.twinflare.WordRemSwiftUI;
				PRODUCT_NAME = "$(TARGET_NAME)";
				SWIFT_EMIT_LOC_STRINGS = YES;
				SWIFT_VERSION = 5.0;
				TARGETED_DEVICE_FAMILY = "1,2";
			};
			name = Debug;
		};
		E879EC722B3B3E2E003534B5 /* Release */ = {
			isa = XCBuildConfiguration;
			buildSettings = {
				ASSETCATALOG_COMPILER_APPICON_NAME = AppIcon;
				ASSETCATALOG_COMPILER_GLOBAL_ACCENT_COLOR_NAME = AccentColor;
				CODE_SIGN_ENTITLEMENTS = WordRemSwiftUI/WordRemSwiftUI.entitlements;
				CODE_SIGN_STYLE = Automatic;
				CURRENT_PROJECT_VERSION = 1;
				DEVELOPMENT_ASSET_PATHS = "\"WordRemSwiftUI/Preview Content\"";
				DEVELOPMENT_TEAM = 7T569GVN5Q;
				ENABLE_PREVIEWS = YES;
				GENERATE_INFOPLIST_FILE = YES;
				INFOPLIST_FILE = WordRemSwiftUI/Info.plist;
				INFOPLIST_KEY_UIApplicationSceneManifest_Generation = YES;
				INFOPLIST_KEY_UIApplicationSupportsIndirectInputEvents = YES;
				INFOPLIST_KEY_UILaunchScreen_Generation = YES;
				INFOPLIST_KEY_UISupportedInterfaceOrientations_iPad = "UIInterfaceOrientationPortrait UIInterfaceOrientationPortraitUpsideDown UIInterfaceOrientationLandscapeLeft UIInterfaceOrientationLandscapeRight";
				INFOPLIST_KEY_UISupportedInterfaceOrientations_iPhone = "UIInterfaceOrientationPortrait UIInterfaceOrientationLandscapeLeft UIInterfaceOrientationLandscapeRight";
				LD_RUNPATH_SEARCH_PATHS = (
					"$(inherited)",
					"@executable_path/Frameworks",
				);
				MARKETING_VERSION = 1.0;
				PRODUCT_BUNDLE_IDENTIFIER = com.twinflare.WordRemSwiftUI;
				PRODUCT_NAME = "$(TARGET_NAME)";
				SWIFT_EMIT_LOC_STRINGS = YES;
				SWIFT_VERSION = 5.0;
				TARGETED_DEVICE_FAMILY = "1,2";
			};
			name = Release;
		};
/* End XCBuildConfiguration section */

/* Begin XCConfigurationList section */
		E879EC5D2B3B3E2C003534B5 /* Build configuration list for PBXProject "WordRemSwiftUI" */ = {
			isa = XCConfigurationList;
			buildConfigurations = (
				E879EC6E2B3B3E2E003534B5 /* Debug */,
				E879EC6F2B3B3E2E003534B5 /* Release */,
			);
			defaultConfigurationIsVisible = 0;
			defaultConfigurationName = Release;
		};
		E879EC702B3B3E2E003534B5 /* Build configuration list for PBXNativeTarget "WordRemSwiftUI" */ = {
			isa = XCConfigurationList;
			buildConfigurations = (
				E879EC712B3B3E2E003534B5 /* Debug */,
				E879EC722B3B3E2E003534B5 /* Release */,
			);
			defaultConfigurationIsVisible = 0;
			defaultConfigurationName = Release;
		};
/* End XCConfigurationList section */

/* Begin XCRemoteSwiftPackageReference section */
		E8527C1B2B6EBC110047E4A6 /* XCRemoteSwiftPackageReference "firebase-ios-sdk" */ = {
			isa = XCRemoteSwiftPackageReference;
			repositoryURL = "https://github.com/firebase/firebase-ios-sdk.git";
			requirement = {
				kind = upToNextMajorVersion;
				minimumVersion = 10.20.0;
			};
		};
		E8E8572B2B913F6900F2E55F /* XCRemoteSwiftPackageReference "GoogleSignIn-iOS" */ = {
			isa = XCRemoteSwiftPackageReference;
			repositoryURL = "https://github.com/google/GoogleSignIn-iOS";
			requirement = {
				kind = upToNextMajorVersion;
				minimumVersion = 7.0.0;
			};
		};
/* End XCRemoteSwiftPackageReference section */

/* Begin XCSwiftPackageProductDependency section */
		E8527C1C2B6EBC110047E4A6 /* FirebaseAnalytics */ = {
			isa = XCSwiftPackageProductDependency;
			package = E8527C1B2B6EBC110047E4A6 /* XCRemoteSwiftPackageReference "firebase-ios-sdk" */;
			productName = FirebaseAnalytics;
		};
		E8527C202B6EBC110047E4A6 /* FirebaseAnalyticsSwift */ = {
			isa = XCSwiftPackageProductDependency;
			package = E8527C1B2B6EBC110047E4A6 /* XCRemoteSwiftPackageReference "firebase-ios-sdk" */;
			productName = FirebaseAnalyticsSwift;
		};
		E8527C222B6EBC110047E4A6 /* FirebaseAnalyticsWithoutAdIdSupport */ = {
			isa = XCSwiftPackageProductDependency;
			package = E8527C1B2B6EBC110047E4A6 /* XCRemoteSwiftPackageReference "firebase-ios-sdk" */;
			productName = FirebaseAnalyticsWithoutAdIdSupport;
		};
		E8527C282B6EBC110047E4A6 /* FirebaseAuth */ = {
			isa = XCSwiftPackageProductDependency;
			package = E8527C1B2B6EBC110047E4A6 /* XCRemoteSwiftPackageReference "firebase-ios-sdk" */;
			productName = FirebaseAuth;
		};
		E8527C2E2B6EBC110047E4A6 /* FirebaseDatabase */ = {
			isa = XCSwiftPackageProductDependency;
			package = E8527C1B2B6EBC110047E4A6 /* XCRemoteSwiftPackageReference "firebase-ios-sdk" */;
			productName = FirebaseDatabase;
		};
		E8527C302B6EBC110047E4A6 /* FirebaseDatabaseSwift */ = {
			isa = XCSwiftPackageProductDependency;
			package = E8527C1B2B6EBC110047E4A6 /* XCRemoteSwiftPackageReference "firebase-ios-sdk" */;
			productName = FirebaseDatabaseSwift;
		};
		E8527C342B6EBC110047E4A6 /* FirebaseFirestore */ = {
			isa = XCSwiftPackageProductDependency;
			package = E8527C1B2B6EBC110047E4A6 /* XCRemoteSwiftPackageReference "firebase-ios-sdk" */;
			productName = FirebaseFirestore;
		};
		E8527C382B6EBC110047E4A6 /* FirebaseFirestoreSwift */ = {
			isa = XCSwiftPackageProductDependency;
			package = E8527C1B2B6EBC110047E4A6 /* XCRemoteSwiftPackageReference "firebase-ios-sdk" */;
			productName = FirebaseFirestoreSwift;
		};
		E8527C4E2B6EBC110047E4A6 /* FirebaseStorage */ = {
			isa = XCSwiftPackageProductDependency;
			package = E8527C1B2B6EBC110047E4A6 /* XCRemoteSwiftPackageReference "firebase-ios-sdk" */;
			productName = FirebaseStorage;
		};
		E8E8572C2B913F6900F2E55F /* GoogleSignIn */ = {
			isa = XCSwiftPackageProductDependency;
			package = E8E8572B2B913F6900F2E55F /* XCRemoteSwiftPackageReference "GoogleSignIn-iOS" */;
			productName = GoogleSignIn;
		};
		E8E8572E2B913F6900F2E55F /* GoogleSignInSwift */ = {
			isa = XCSwiftPackageProductDependency;
			package = E8E8572B2B913F6900F2E55F /* XCRemoteSwiftPackageReference "GoogleSignIn-iOS" */;
			productName = GoogleSignInSwift;
		};
/* End XCSwiftPackageProductDependency section */
	};
	rootObject = E879EC5A2B3B3E2C003534B5 /* Project object */;
}
